Microsoft Visual Studio Solution File, Format Version 12.00
# Visual Studio 2012
Project("{2150E333-8FDC-42A3-9474-1A3956D46DE8}") = "Solution Items", "Solution Items", "{722621A6-FA45-4129-8B8D-94880DCD7971}"
	ProjectSection(SolutionItems) = preProject
		build.bat = build.bat
		build.fsx = build.fsx
		FSharpx.Core.nuspec = FSharpx.Core.nuspec
		LICENSE.md = LICENSE.md
		README.md = README.md
	EndProjectSection
EndProject
Project("{F2A71F9B-5D33-465A-A702-920D77279786}") = "FSharpx.Tests", "tests\FSharpx.Tests\FSharpx.Tests.fsproj", "{26D9D3EE-E882-43E6-A79E-5D1D89E92C4F}"
EndProject
Project("{FAE04EC0-301F-11D3-BF4B-00C04F79EFBC}") = "FSharpx.CSharpTests", "tests\FSharpx.CSharpTests\FSharpx.CSharpTests.csproj", "{4354A199-6ACF-4DB5-A8FA-BAD638D1D0E3}"
EndProject
Project("{F2A71F9B-5D33-465A-A702-920D77279786}") = "FSharpx.Core", "src\FSharpx.Core\FSharpx.Core.fsproj", "{1E95A279-C2A9-498B-BC72-6E7A0D6854CE}"
EndProject
Project("{F2A71F9B-5D33-465A-A702-920D77279786}") = "FSharpx.TypeProviders", "src\FSharpx.TypeProviders\FSharpx.TypeProviders.fsproj", "{72613558-B230-43F0-84D7-584030BF5316}"
EndProject
Project("{2150E333-8FDC-42A3-9474-1A3956D46DE8}") = "Samples", "Samples", "{EFB3F0C2-10B4-4EF5-8FA7-CC39880067A1}"
	ProjectSection(SolutionItems) = preProject
		samples\AsyncSeqObservable.fsx = samples\AsyncSeqObservable.fsx
		samples\AutoCancel.fsx = samples\AutoCancel.fsx
		samples\BatchProcessing.fsx = samples\BatchProcessing.fsx
		samples\BlockingQueue.fsx = samples\BlockingQueue.fsx
		samples\Caching.fsx = samples\Caching.fsx
		samples\ChatServer.fsx = samples\ChatServer.fsx
		samples\CircularBuffer.fsx = samples\CircularBuffer.fsx
		samples\Crawler.fsx = samples\Crawler.fsx
		samples\MouseFollow.fsx = samples\MouseFollow.fsx
		samples\StockStream.fsx = samples\StockStream.fsx
		samples\WebProxy.fsx = samples\WebProxy.fsx
	EndProjectSection
EndProject
Project("{F2A71F9B-5D33-465A-A702-920D77279786}") = "Santa", "samples\Santa\Santa.fsproj", "{41D22552-BAFB-47D5-B20A-D81E18C3C1E8}"
EndProject
Project("{F2A71F9B-5D33-465A-A702-920D77279786}") = "FSharpx.Http", "src\FSharpx.Http\FSharpx.Http.fsproj", "{60F3BB81-5449-45DD-A217-B6045327680C}"
EndProject
Project("{F2A71F9B-5D33-465A-A702-920D77279786}") = "FSharpx.Http.Tests", "tests\FSharpx.Http.Tests\FSharpx.Http.Tests.fsproj", "{3D1FCA4C-757E-4AD0-9E4B-4101C8AFCCA4}"
EndProject
Project("{F2A71F9B-5D33-465A-A702-920D77279786}") = "FSharpx.Observable", "src\FSharpx.Observable\FSharpx.Observable.fsproj", "{2E802F54-9CD0-4B0A-B834-5C5979403B50}"
EndProject
Project("{FAE04EC0-301F-11D3-BF4B-00C04F79EFBC}") = "FSharpx.Observable.Tests", "tests\FSharpx.Observable.Tests\FSharpx.Observable.Tests.csproj", "{13CF1E8D-D712-4031-8EEF-414534CC234E}"
EndProject
Project("{F2A71F9B-5D33-465A-A702-920D77279786}") = "UndoSample", "samples\UndoSample\UndoSample.fsproj", "{3939EBF0-264F-480B-BFC4-25B21C8EEB1C}"
EndProject
Project("{F2A71F9B-5D33-465A-A702-920D77279786}") = "DiningPhilosophers", "samples\DiningPhilosophers\DiningPhilosophers.fsproj", "{330FD61A-B9FE-4AA7-9595-F7BDAB3DDC44}"
EndProject
Project("{F2A71F9B-5D33-465A-A702-920D77279786}") = "FSharpx.TypeProviders.Graph", "src\FSharpx.TypeProviders.Graph\FSharpx.TypeProviders.Graph.fsproj", "{D8999DF6-EC14-41CE-8E63-D37B90F3357C}"
EndProject
Project("{F2A71F9B-5D33-465A-A702-920D77279786}") = "FSharpx.TypeProviders.Xaml", "src\FSharpx.TypeProviders.Xaml\FSharpx.TypeProviders.Xaml.fsproj", "{F4431F59-B9D3-4D3B-BF6E-3E29FCDCDA3C}"
EndProject
Project("{F2A71F9B-5D33-465A-A702-920D77279786}") = "FSharpx.TypeProviders.Math", "src\FSharpx.TypeProviders.Math\FSharpx.TypeProviders.Math.fsproj", "{97790318-92B5-4A6D-A367-498850D3A7A4}"
EndProject
Project("{F2A71F9B-5D33-465A-A702-920D77279786}") = "FSharpx.TypeProviders.Excel", "src\FSharpx.TypeProviders.Excel\FSharpx.TypeProviders.Excel.fsproj", "{CAE212FE-242B-4E56-8685-80C3245AB562}"
EndProject
Project("{F2A71F9B-5D33-465A-A702-920D77279786}") = "FSharpx.TypeProviders.Machine", "src\FSharpx.TypeProviders.Machine\FSharpx.TypeProviders.Machine.fsproj", "{0171175C-20D6-4061-8F88-E2786B1272DF}"
EndProject
Project("{F2A71F9B-5D33-465A-A702-920D77279786}") = "FSharpx.TypeProviders.Regex", "src\FSharpx.TypeProviders.Regex\FSharpx.TypeProviders.Regex.fsproj", "{48770C02-8F6B-4B82-8911-EE365E9E8C9C}"
EndProject
Project("{F2A71F9B-5D33-465A-A702-920D77279786}") = "FSharpx.TypeProviders.AppSettings", "src\FSharpx.TypeProviders.AppSettings\FSharpx.TypeProviders.AppSettings.fsproj", "{A0A11809-14D9-4896-8525-85EF3B4D43BF}"
EndProject
Project("{2150E333-8FDC-42A3-9474-1A3956D46DE8}") = "TypeProviders", "TypeProviders", "{9547EC26-72FD-43FE-9D91-7ECC1E73DAAD}"
EndProject
Project("{F2A71F9B-5D33-465A-A702-920D77279786}") = "FSharpx.TypeProviders.Management", "src\FSharpx.TypeProviders.Management\FSharpx.TypeProviders.Management.fsproj", "{A19058BA-54BF-498F-BED3-6564D5117842}"
EndProject
Project("{F2A71F9B-5D33-465A-A702-920D77279786}") = "FSharpx.TypeProviders.Management.DesignTime", "src\FSharpx.TypeProviders.Management.DesignTime\FSharpx.TypeProviders.Management.DesignTime.fsproj", "{C5BDEC68-56F5-447E-8386-BB82B1C76165}"
EndProject
Project("{F2A71F9B-5D33-465A-A702-920D77279786}") = "FSharpx.Collections.Experimental.Tests", "tests\FSharpx.Collections.Experimental.Tests\FSharpx.Collections.Experimental.Tests.fsproj", "{4B763738-CF1A-4DEC-A888-7D3D15054231}"
EndProject
Project("{F2A71F9B-5D33-465A-A702-920D77279786}") = "FSharpx.Collections.Experimental", "src\FSharpx.Collections.Experimental\FSharpx.Collections.Experimental.fsproj", "{AD3C8E86-F4CF-426F-A31D-015056227777}"
EndProject
Project("{F2A71F9B-5D33-465A-A702-920D77279786}") = "FSharpx.TypeProviders.Xrm", "src\FSharpx.TypeProviders.Xrm\FSharpx.TypeProviders.Xrm.fsproj", "{7D569323-71D4-4F6F-94EC-CD210C137359}"
EndProject
Project("{F2A71F9B-5D33-465A-A702-920D77279786}") = "FSharpx.Text.StructuredFormat", "src\FSharpx.Text.StructuredFormat\FSharpx.Text.StructuredFormat.fsproj", "{65E077ED-F51A-42D7-8004-E90D60AF8B8F}"
EndProject
Project("{F2A71F9B-5D33-465A-A702-920D77279786}") = "FSharpx.Text.StructuredFormat.Tests", "tests\FSharpx.Text.StructuredFormat.Tests\FSharpx.Text.StructuredFormat.Tests.fsproj", "{FBE1E618-4F32-4305-95C0-B0FFBAD24EF7}"
EndProject
Global
	GlobalSection(SolutionConfigurationPlatforms) = preSolution
		DataStructures|Any CPU = DataStructures|Any CPU
		DataStructures|Mixed Platforms = DataStructures|Mixed Platforms
		DataStructures|x86 = DataStructures|x86
		Debug|Any CPU = Debug|Any CPU
		Debug|Mixed Platforms = Debug|Mixed Platforms
		Debug|x86 = Debug|x86
		Release|Any CPU = Release|Any CPU
		Release|Mixed Platforms = Release|Mixed Platforms
		Release|x86 = Release|x86
	EndGlobalSection
	GlobalSection(ProjectConfigurationPlatforms) = postSolution
		{26D9D3EE-E882-43E6-A79E-5D1D89E92C4F}.DataStructures|Any CPU.ActiveCfg = DataStructures|Any CPU
		{26D9D3EE-E882-43E6-A79E-5D1D89E92C4F}.DataStructures|Any CPU.Build.0 = DataStructures|Any CPU
		{26D9D3EE-E882-43E6-A79E-5D1D89E92C4F}.DataStructures|Mixed Platforms.ActiveCfg = DataStructures|Any CPU
		{26D9D3EE-E882-43E6-A79E-5D1D89E92C4F}.DataStructures|Mixed Platforms.Build.0 = DataStructures|Any CPU
		{26D9D3EE-E882-43E6-A79E-5D1D89E92C4F}.DataStructures|x86.ActiveCfg = DataStructures|Any CPU
		{26D9D3EE-E882-43E6-A79E-5D1D89E92C4F}.Debug|Any CPU.ActiveCfg = Debug|Any CPU
		{26D9D3EE-E882-43E6-A79E-5D1D89E92C4F}.Debug|Any CPU.Build.0 = Debug|Any CPU
		{26D9D3EE-E882-43E6-A79E-5D1D89E92C4F}.Debug|Mixed Platforms.ActiveCfg = Debug|Any CPU
		{26D9D3EE-E882-43E6-A79E-5D1D89E92C4F}.Debug|Mixed Platforms.Build.0 = Debug|Any CPU
		{26D9D3EE-E882-43E6-A79E-5D1D89E92C4F}.Debug|x86.ActiveCfg = Debug|Any CPU
		{26D9D3EE-E882-43E6-A79E-5D1D89E92C4F}.Release|Any CPU.ActiveCfg = Release|Any CPU
		{26D9D3EE-E882-43E6-A79E-5D1D89E92C4F}.Release|Any CPU.Build.0 = Release|Any CPU
		{26D9D3EE-E882-43E6-A79E-5D1D89E92C4F}.Release|Mixed Platforms.ActiveCfg = Release|Any CPU
		{26D9D3EE-E882-43E6-A79E-5D1D89E92C4F}.Release|Mixed Platforms.Build.0 = Release|Any CPU
		{26D9D3EE-E882-43E6-A79E-5D1D89E92C4F}.Release|x86.ActiveCfg = Release|Any CPU
		{4354A199-6ACF-4DB5-A8FA-BAD638D1D0E3}.DataStructures|Any CPU.ActiveCfg = DataStructures|Any CPU
		{4354A199-6ACF-4DB5-A8FA-BAD638D1D0E3}.DataStructures|Any CPU.Build.0 = DataStructures|Any CPU
		{4354A199-6ACF-4DB5-A8FA-BAD638D1D0E3}.DataStructures|Mixed Platforms.ActiveCfg = DataStructures|Any CPU
		{4354A199-6ACF-4DB5-A8FA-BAD638D1D0E3}.DataStructures|Mixed Platforms.Build.0 = DataStructures|Any CPU
		{4354A199-6ACF-4DB5-A8FA-BAD638D1D0E3}.DataStructures|x86.ActiveCfg = DataStructures|Any CPU
		{4354A199-6ACF-4DB5-A8FA-BAD638D1D0E3}.Debug|Any CPU.ActiveCfg = Debug|Any CPU
		{4354A199-6ACF-4DB5-A8FA-BAD638D1D0E3}.Debug|Any CPU.Build.0 = Debug|Any CPU
		{4354A199-6ACF-4DB5-A8FA-BAD638D1D0E3}.Debug|Mixed Platforms.ActiveCfg = Debug|Any CPU
		{4354A199-6ACF-4DB5-A8FA-BAD638D1D0E3}.Debug|Mixed Platforms.Build.0 = Debug|Any CPU
		{4354A199-6ACF-4DB5-A8FA-BAD638D1D0E3}.Debug|x86.ActiveCfg = Debug|Any CPU
		{4354A199-6ACF-4DB5-A8FA-BAD638D1D0E3}.Release|Any CPU.ActiveCfg = Release|Any CPU
		{4354A199-6ACF-4DB5-A8FA-BAD638D1D0E3}.Release|Any CPU.Build.0 = Release|Any CPU
		{4354A199-6ACF-4DB5-A8FA-BAD638D1D0E3}.Release|Mixed Platforms.ActiveCfg = Release|Any CPU
		{4354A199-6ACF-4DB5-A8FA-BAD638D1D0E3}.Release|Mixed Platforms.Build.0 = Release|Any CPU
		{4354A199-6ACF-4DB5-A8FA-BAD638D1D0E3}.Release|x86.ActiveCfg = Release|Any CPU
		{1E95A279-C2A9-498B-BC72-6E7A0D6854CE}.DataStructures|Any CPU.ActiveCfg = Debug|Any CPU
		{1E95A279-C2A9-498B-BC72-6E7A0D6854CE}.DataStructures|Any CPU.Build.0 = Debug|Any CPU
		{1E95A279-C2A9-498B-BC72-6E7A0D6854CE}.DataStructures|Mixed Platforms.ActiveCfg = Debug|Any CPU
		{1E95A279-C2A9-498B-BC72-6E7A0D6854CE}.DataStructures|Mixed Platforms.Build.0 = Debug|Any CPU
		{1E95A279-C2A9-498B-BC72-6E7A0D6854CE}.DataStructures|x86.ActiveCfg = Debug|Any CPU
		{1E95A279-C2A9-498B-BC72-6E7A0D6854CE}.Debug|Any CPU.ActiveCfg = Debug|Any CPU
		{1E95A279-C2A9-498B-BC72-6E7A0D6854CE}.Debug|Any CPU.Build.0 = Debug|Any CPU
		{1E95A279-C2A9-498B-BC72-6E7A0D6854CE}.Debug|Mixed Platforms.ActiveCfg = Debug|Any CPU
		{1E95A279-C2A9-498B-BC72-6E7A0D6854CE}.Debug|Mixed Platforms.Build.0 = Debug|Any CPU
		{1E95A279-C2A9-498B-BC72-6E7A0D6854CE}.Debug|x86.ActiveCfg = Debug|Any CPU
		{1E95A279-C2A9-498B-BC72-6E7A0D6854CE}.Release|Any CPU.ActiveCfg = Release|Any CPU
		{1E95A279-C2A9-498B-BC72-6E7A0D6854CE}.Release|Any CPU.Build.0 = Release|Any CPU
		{1E95A279-C2A9-498B-BC72-6E7A0D6854CE}.Release|Mixed Platforms.ActiveCfg = Release|Any CPU
		{1E95A279-C2A9-498B-BC72-6E7A0D6854CE}.Release|Mixed Platforms.Build.0 = Release|Any CPU
		{1E95A279-C2A9-498B-BC72-6E7A0D6854CE}.Release|x86.ActiveCfg = Release|Any CPU
		{72613558-B230-43F0-84D7-584030BF5316}.DataStructures|Any CPU.ActiveCfg = Debug|Any CPU
		{72613558-B230-43F0-84D7-584030BF5316}.DataStructures|Any CPU.Build.0 = Debug|Any CPU
		{72613558-B230-43F0-84D7-584030BF5316}.DataStructures|Mixed Platforms.ActiveCfg = Debug|Any CPU
		{72613558-B230-43F0-84D7-584030BF5316}.DataStructures|Mixed Platforms.Build.0 = Debug|Any CPU
		{72613558-B230-43F0-84D7-584030BF5316}.DataStructures|x86.ActiveCfg = Debug|Any CPU
		{72613558-B230-43F0-84D7-584030BF5316}.Debug|Any CPU.ActiveCfg = Debug|Any CPU
		{72613558-B230-43F0-84D7-584030BF5316}.Debug|Any CPU.Build.0 = Debug|Any CPU
		{72613558-B230-43F0-84D7-584030BF5316}.Debug|Mixed Platforms.ActiveCfg = Debug|Any CPU
		{72613558-B230-43F0-84D7-584030BF5316}.Debug|Mixed Platforms.Build.0 = Debug|Any CPU
		{72613558-B230-43F0-84D7-584030BF5316}.Debug|x86.ActiveCfg = Debug|Any CPU
		{72613558-B230-43F0-84D7-584030BF5316}.Release|Any CPU.ActiveCfg = Release|Any CPU
		{72613558-B230-43F0-84D7-584030BF5316}.Release|Any CPU.Build.0 = Release|Any CPU
		{72613558-B230-43F0-84D7-584030BF5316}.Release|Mixed Platforms.ActiveCfg = Release|Any CPU
		{72613558-B230-43F0-84D7-584030BF5316}.Release|x86.ActiveCfg = Release|Any CPU
		{41D22552-BAFB-47D5-B20A-D81E18C3C1E8}.DataStructures|Any CPU.ActiveCfg = DataStructures|x86
		{41D22552-BAFB-47D5-B20A-D81E18C3C1E8}.DataStructures|Mixed Platforms.ActiveCfg = DataStructures|x86
		{41D22552-BAFB-47D5-B20A-D81E18C3C1E8}.DataStructures|Mixed Platforms.Build.0 = DataStructures|x86
		{41D22552-BAFB-47D5-B20A-D81E18C3C1E8}.DataStructures|x86.ActiveCfg = DataStructures|x86
		{41D22552-BAFB-47D5-B20A-D81E18C3C1E8}.DataStructures|x86.Build.0 = DataStructures|x86
		{41D22552-BAFB-47D5-B20A-D81E18C3C1E8}.Debug|Any CPU.ActiveCfg = Debug|x86
		{41D22552-BAFB-47D5-B20A-D81E18C3C1E8}.Debug|Mixed Platforms.ActiveCfg = Debug|x86
		{41D22552-BAFB-47D5-B20A-D81E18C3C1E8}.Debug|Mixed Platforms.Build.0 = Debug|x86
		{41D22552-BAFB-47D5-B20A-D81E18C3C1E8}.Debug|x86.ActiveCfg = Debug|x86
		{41D22552-BAFB-47D5-B20A-D81E18C3C1E8}.Debug|x86.Build.0 = Debug|x86
		{41D22552-BAFB-47D5-B20A-D81E18C3C1E8}.Release|Any CPU.ActiveCfg = Release|x86
		{41D22552-BAFB-47D5-B20A-D81E18C3C1E8}.Release|Mixed Platforms.ActiveCfg = Release|x86
		{41D22552-BAFB-47D5-B20A-D81E18C3C1E8}.Release|Mixed Platforms.Build.0 = Release|x86
		{41D22552-BAFB-47D5-B20A-D81E18C3C1E8}.Release|x86.ActiveCfg = Release|x86
		{41D22552-BAFB-47D5-B20A-D81E18C3C1E8}.Release|x86.Build.0 = Release|x86
		{60F3BB81-5449-45DD-A217-B6045327680C}.DataStructures|Any CPU.ActiveCfg = DataStructures|Any CPU
		{60F3BB81-5449-45DD-A217-B6045327680C}.DataStructures|Any CPU.Build.0 = DataStructures|Any CPU
		{60F3BB81-5449-45DD-A217-B6045327680C}.DataStructures|Mixed Platforms.ActiveCfg = DataStructures|Any CPU
		{60F3BB81-5449-45DD-A217-B6045327680C}.DataStructures|Mixed Platforms.Build.0 = DataStructures|Any CPU
		{60F3BB81-5449-45DD-A217-B6045327680C}.DataStructures|x86.ActiveCfg = DataStructures|Any CPU
		{60F3BB81-5449-45DD-A217-B6045327680C}.Debug|Any CPU.ActiveCfg = Debug|Any CPU
		{60F3BB81-5449-45DD-A217-B6045327680C}.Debug|Any CPU.Build.0 = Debug|Any CPU
		{60F3BB81-5449-45DD-A217-B6045327680C}.Debug|Mixed Platforms.ActiveCfg = Debug|Any CPU
		{60F3BB81-5449-45DD-A217-B6045327680C}.Debug|Mixed Platforms.Build.0 = Debug|Any CPU
		{60F3BB81-5449-45DD-A217-B6045327680C}.Debug|x86.ActiveCfg = Debug|Any CPU
		{60F3BB81-5449-45DD-A217-B6045327680C}.Release|Any CPU.ActiveCfg = Release|Any CPU
		{60F3BB81-5449-45DD-A217-B6045327680C}.Release|Any CPU.Build.0 = Release|Any CPU
		{60F3BB81-5449-45DD-A217-B6045327680C}.Release|Mixed Platforms.ActiveCfg = Release|Any CPU
		{60F3BB81-5449-45DD-A217-B6045327680C}.Release|Mixed Platforms.Build.0 = Release|Any CPU
		{60F3BB81-5449-45DD-A217-B6045327680C}.Release|x86.ActiveCfg = Release|Any CPU
		{3D1FCA4C-757E-4AD0-9E4B-4101C8AFCCA4}.DataStructures|Any CPU.ActiveCfg = DataStructures|Any CPU
		{3D1FCA4C-757E-4AD0-9E4B-4101C8AFCCA4}.DataStructures|Any CPU.Build.0 = DataStructures|Any CPU
		{3D1FCA4C-757E-4AD0-9E4B-4101C8AFCCA4}.DataStructures|Mixed Platforms.ActiveCfg = DataStructures|Any CPU
		{3D1FCA4C-757E-4AD0-9E4B-4101C8AFCCA4}.DataStructures|Mixed Platforms.Build.0 = DataStructures|Any CPU
		{3D1FCA4C-757E-4AD0-9E4B-4101C8AFCCA4}.DataStructures|x86.ActiveCfg = DataStructures|Any CPU
		{3D1FCA4C-757E-4AD0-9E4B-4101C8AFCCA4}.Debug|Any CPU.ActiveCfg = Debug|Any CPU
		{3D1FCA4C-757E-4AD0-9E4B-4101C8AFCCA4}.Debug|Any CPU.Build.0 = Debug|Any CPU
		{3D1FCA4C-757E-4AD0-9E4B-4101C8AFCCA4}.Debug|Mixed Platforms.ActiveCfg = Debug|Any CPU
		{3D1FCA4C-757E-4AD0-9E4B-4101C8AFCCA4}.Debug|Mixed Platforms.Build.0 = Debug|Any CPU
		{3D1FCA4C-757E-4AD0-9E4B-4101C8AFCCA4}.Debug|x86.ActiveCfg = Debug|Any CPU
		{3D1FCA4C-757E-4AD0-9E4B-4101C8AFCCA4}.Release|Any CPU.ActiveCfg = Release|Any CPU
		{3D1FCA4C-757E-4AD0-9E4B-4101C8AFCCA4}.Release|Any CPU.Build.0 = Release|Any CPU
		{3D1FCA4C-757E-4AD0-9E4B-4101C8AFCCA4}.Release|Mixed Platforms.ActiveCfg = Release|Any CPU
		{3D1FCA4C-757E-4AD0-9E4B-4101C8AFCCA4}.Release|Mixed Platforms.Build.0 = Release|Any CPU
		{3D1FCA4C-757E-4AD0-9E4B-4101C8AFCCA4}.Release|x86.ActiveCfg = Release|Any CPU
		{2E802F54-9CD0-4B0A-B834-5C5979403B50}.DataStructures|Any CPU.ActiveCfg = DataStructures|Any CPU
		{2E802F54-9CD0-4B0A-B834-5C5979403B50}.DataStructures|Any CPU.Build.0 = DataStructures|Any CPU
		{2E802F54-9CD0-4B0A-B834-5C5979403B50}.DataStructures|Mixed Platforms.ActiveCfg = DataStructures|Any CPU
		{2E802F54-9CD0-4B0A-B834-5C5979403B50}.DataStructures|Mixed Platforms.Build.0 = DataStructures|Any CPU
		{2E802F54-9CD0-4B0A-B834-5C5979403B50}.DataStructures|x86.ActiveCfg = DataStructures|Any CPU
		{2E802F54-9CD0-4B0A-B834-5C5979403B50}.Debug|Any CPU.ActiveCfg = Debug|Any CPU
		{2E802F54-9CD0-4B0A-B834-5C5979403B50}.Debug|Any CPU.Build.0 = Debug|Any CPU
		{2E802F54-9CD0-4B0A-B834-5C5979403B50}.Debug|Mixed Platforms.ActiveCfg = Debug|Any CPU
		{2E802F54-9CD0-4B0A-B834-5C5979403B50}.Debug|Mixed Platforms.Build.0 = Debug|Any CPU
		{2E802F54-9CD0-4B0A-B834-5C5979403B50}.Debug|x86.ActiveCfg = Debug|Any CPU
		{2E802F54-9CD0-4B0A-B834-5C5979403B50}.Release|Any CPU.ActiveCfg = Release|Any CPU
		{2E802F54-9CD0-4B0A-B834-5C5979403B50}.Release|Any CPU.Build.0 = Release|Any CPU
		{2E802F54-9CD0-4B0A-B834-5C5979403B50}.Release|Mixed Platforms.ActiveCfg = Release|Any CPU
		{2E802F54-9CD0-4B0A-B834-5C5979403B50}.Release|Mixed Platforms.Build.0 = Release|Any CPU
		{2E802F54-9CD0-4B0A-B834-5C5979403B50}.Release|x86.ActiveCfg = Release|Any CPU
		{13CF1E8D-D712-4031-8EEF-414534CC234E}.DataStructures|Any CPU.ActiveCfg = DataStructures|Any CPU
		{13CF1E8D-D712-4031-8EEF-414534CC234E}.DataStructures|Any CPU.Build.0 = DataStructures|Any CPU
		{13CF1E8D-D712-4031-8EEF-414534CC234E}.DataStructures|Mixed Platforms.ActiveCfg = DataStructures|Any CPU
		{13CF1E8D-D712-4031-8EEF-414534CC234E}.DataStructures|Mixed Platforms.Build.0 = DataStructures|Any CPU
		{13CF1E8D-D712-4031-8EEF-414534CC234E}.DataStructures|x86.ActiveCfg = DataStructures|Any CPU
		{13CF1E8D-D712-4031-8EEF-414534CC234E}.Debug|Any CPU.ActiveCfg = Debug|Any CPU
		{13CF1E8D-D712-4031-8EEF-414534CC234E}.Debug|Any CPU.Build.0 = Debug|Any CPU
		{13CF1E8D-D712-4031-8EEF-414534CC234E}.Debug|Mixed Platforms.ActiveCfg = Debug|Any CPU
		{13CF1E8D-D712-4031-8EEF-414534CC234E}.Debug|Mixed Platforms.Build.0 = Debug|Any CPU
		{13CF1E8D-D712-4031-8EEF-414534CC234E}.Debug|x86.ActiveCfg = Debug|Any CPU
		{13CF1E8D-D712-4031-8EEF-414534CC234E}.Release|Any CPU.ActiveCfg = Release|Any CPU
		{13CF1E8D-D712-4031-8EEF-414534CC234E}.Release|Any CPU.Build.0 = Release|Any CPU
		{13CF1E8D-D712-4031-8EEF-414534CC234E}.Release|Mixed Platforms.ActiveCfg = Release|Any CPU
		{13CF1E8D-D712-4031-8EEF-414534CC234E}.Release|Mixed Platforms.Build.0 = Release|Any CPU
		{13CF1E8D-D712-4031-8EEF-414534CC234E}.Release|x86.ActiveCfg = Release|Any CPU
		{3939EBF0-264F-480B-BFC4-25B21C8EEB1C}.DataStructures|Any CPU.ActiveCfg = DataStructures|x86
		{3939EBF0-264F-480B-BFC4-25B21C8EEB1C}.DataStructures|Mixed Platforms.ActiveCfg = DataStructures|x86
		{3939EBF0-264F-480B-BFC4-25B21C8EEB1C}.DataStructures|Mixed Platforms.Build.0 = DataStructures|x86
		{3939EBF0-264F-480B-BFC4-25B21C8EEB1C}.DataStructures|x86.ActiveCfg = DataStructures|x86
		{3939EBF0-264F-480B-BFC4-25B21C8EEB1C}.DataStructures|x86.Build.0 = DataStructures|x86
		{3939EBF0-264F-480B-BFC4-25B21C8EEB1C}.Debug|Any CPU.ActiveCfg = Debug|x86
		{3939EBF0-264F-480B-BFC4-25B21C8EEB1C}.Debug|Mixed Platforms.ActiveCfg = Debug|x86
		{3939EBF0-264F-480B-BFC4-25B21C8EEB1C}.Debug|Mixed Platforms.Build.0 = Debug|x86
		{3939EBF0-264F-480B-BFC4-25B21C8EEB1C}.Debug|x86.ActiveCfg = Debug|x86
		{3939EBF0-264F-480B-BFC4-25B21C8EEB1C}.Debug|x86.Build.0 = Debug|x86
		{3939EBF0-264F-480B-BFC4-25B21C8EEB1C}.Release|Any CPU.ActiveCfg = Release|x86
		{3939EBF0-264F-480B-BFC4-25B21C8EEB1C}.Release|Mixed Platforms.ActiveCfg = Release|x86
		{3939EBF0-264F-480B-BFC4-25B21C8EEB1C}.Release|Mixed Platforms.Build.0 = Release|x86
		{3939EBF0-264F-480B-BFC4-25B21C8EEB1C}.Release|x86.ActiveCfg = Release|x86
		{3939EBF0-264F-480B-BFC4-25B21C8EEB1C}.Release|x86.Build.0 = Release|x86
		{330FD61A-B9FE-4AA7-9595-F7BDAB3DDC44}.DataStructures|Any CPU.ActiveCfg = DataStructures|x86
		{330FD61A-B9FE-4AA7-9595-F7BDAB3DDC44}.DataStructures|Mixed Platforms.ActiveCfg = DataStructures|x86
		{330FD61A-B9FE-4AA7-9595-F7BDAB3DDC44}.DataStructures|Mixed Platforms.Build.0 = DataStructures|x86
		{330FD61A-B9FE-4AA7-9595-F7BDAB3DDC44}.DataStructures|x86.ActiveCfg = DataStructures|x86
		{330FD61A-B9FE-4AA7-9595-F7BDAB3DDC44}.DataStructures|x86.Build.0 = DataStructures|x86
		{330FD61A-B9FE-4AA7-9595-F7BDAB3DDC44}.Debug|Any CPU.ActiveCfg = Debug|x86
		{330FD61A-B9FE-4AA7-9595-F7BDAB3DDC44}.Debug|Mixed Platforms.ActiveCfg = Debug|x86
		{330FD61A-B9FE-4AA7-9595-F7BDAB3DDC44}.Debug|Mixed Platforms.Build.0 = Debug|x86
		{330FD61A-B9FE-4AA7-9595-F7BDAB3DDC44}.Debug|x86.ActiveCfg = Debug|x86
		{330FD61A-B9FE-4AA7-9595-F7BDAB3DDC44}.Debug|x86.Build.0 = Debug|x86
		{330FD61A-B9FE-4AA7-9595-F7BDAB3DDC44}.Release|Any CPU.ActiveCfg = Release|x86
		{330FD61A-B9FE-4AA7-9595-F7BDAB3DDC44}.Release|Mixed Platforms.ActiveCfg = Release|x86
		{330FD61A-B9FE-4AA7-9595-F7BDAB3DDC44}.Release|Mixed Platforms.Build.0 = Release|x86
		{330FD61A-B9FE-4AA7-9595-F7BDAB3DDC44}.Release|x86.ActiveCfg = Release|x86
		{330FD61A-B9FE-4AA7-9595-F7BDAB3DDC44}.Release|x86.Build.0 = Release|x86
		{D8999DF6-EC14-41CE-8E63-D37B90F3357C}.DataStructures|Any CPU.ActiveCfg = Debug|Any CPU
		{D8999DF6-EC14-41CE-8E63-D37B90F3357C}.DataStructures|Any CPU.Build.0 = Debug|Any CPU
		{D8999DF6-EC14-41CE-8E63-D37B90F3357C}.DataStructures|Mixed Platforms.ActiveCfg = Debug|Any CPU
		{D8999DF6-EC14-41CE-8E63-D37B90F3357C}.DataStructures|Mixed Platforms.Build.0 = Debug|Any CPU
		{D8999DF6-EC14-41CE-8E63-D37B90F3357C}.DataStructures|x86.ActiveCfg = Debug|Any CPU
		{D8999DF6-EC14-41CE-8E63-D37B90F3357C}.Debug|Any CPU.ActiveCfg = Debug|Any CPU
		{D8999DF6-EC14-41CE-8E63-D37B90F3357C}.Debug|Any CPU.Build.0 = Debug|Any CPU
		{D8999DF6-EC14-41CE-8E63-D37B90F3357C}.Debug|Mixed Platforms.ActiveCfg = Debug|Any CPU
		{D8999DF6-EC14-41CE-8E63-D37B90F3357C}.Debug|Mixed Platforms.Build.0 = Debug|Any CPU
		{D8999DF6-EC14-41CE-8E63-D37B90F3357C}.Debug|x86.ActiveCfg = Debug|Any CPU
		{D8999DF6-EC14-41CE-8E63-D37B90F3357C}.Release|Any CPU.ActiveCfg = Release|Any CPU
		{D8999DF6-EC14-41CE-8E63-D37B90F3357C}.Release|Any CPU.Build.0 = Release|Any CPU
		{D8999DF6-EC14-41CE-8E63-D37B90F3357C}.Release|Mixed Platforms.ActiveCfg = Release|Any CPU
		{D8999DF6-EC14-41CE-8E63-D37B90F3357C}.Release|Mixed Platforms.Build.0 = Release|Any CPU
		{D8999DF6-EC14-41CE-8E63-D37B90F3357C}.Release|x86.ActiveCfg = Release|Any CPU
		{F4431F59-B9D3-4D3B-BF6E-3E29FCDCDA3C}.DataStructures|Any CPU.ActiveCfg = Debug|Any CPU
		{F4431F59-B9D3-4D3B-BF6E-3E29FCDCDA3C}.DataStructures|Any CPU.Build.0 = Debug|Any CPU
		{F4431F59-B9D3-4D3B-BF6E-3E29FCDCDA3C}.DataStructures|Mixed Platforms.ActiveCfg = Debug|Any CPU
		{F4431F59-B9D3-4D3B-BF6E-3E29FCDCDA3C}.DataStructures|Mixed Platforms.Build.0 = Debug|Any CPU
		{F4431F59-B9D3-4D3B-BF6E-3E29FCDCDA3C}.DataStructures|x86.ActiveCfg = Debug|Any CPU
		{F4431F59-B9D3-4D3B-BF6E-3E29FCDCDA3C}.Debug|Any CPU.ActiveCfg = Debug|Any CPU
		{F4431F59-B9D3-4D3B-BF6E-3E29FCDCDA3C}.Debug|Any CPU.Build.0 = Debug|Any CPU
		{F4431F59-B9D3-4D3B-BF6E-3E29FCDCDA3C}.Debug|Mixed Platforms.ActiveCfg = Debug|Any CPU
		{F4431F59-B9D3-4D3B-BF6E-3E29FCDCDA3C}.Debug|Mixed Platforms.Build.0 = Debug|Any CPU
		{F4431F59-B9D3-4D3B-BF6E-3E29FCDCDA3C}.Debug|x86.ActiveCfg = Debug|Any CPU
		{F4431F59-B9D3-4D3B-BF6E-3E29FCDCDA3C}.Release|Any CPU.ActiveCfg = Release|Any CPU
		{F4431F59-B9D3-4D3B-BF6E-3E29FCDCDA3C}.Release|Any CPU.Build.0 = Release|Any CPU
		{F4431F59-B9D3-4D3B-BF6E-3E29FCDCDA3C}.Release|Mixed Platforms.ActiveCfg = Release|Any CPU
		{F4431F59-B9D3-4D3B-BF6E-3E29FCDCDA3C}.Release|Mixed Platforms.Build.0 = Release|Any CPU
		{F4431F59-B9D3-4D3B-BF6E-3E29FCDCDA3C}.Release|x86.ActiveCfg = Release|Any CPU
		{97790318-92B5-4A6D-A367-498850D3A7A4}.DataStructures|Any CPU.ActiveCfg = Debug|Any CPU
		{97790318-92B5-4A6D-A367-498850D3A7A4}.DataStructures|Any CPU.Build.0 = Debug|Any CPU
		{97790318-92B5-4A6D-A367-498850D3A7A4}.DataStructures|Mixed Platforms.ActiveCfg = Debug|Any CPU
		{97790318-92B5-4A6D-A367-498850D3A7A4}.DataStructures|Mixed Platforms.Build.0 = Debug|Any CPU
		{97790318-92B5-4A6D-A367-498850D3A7A4}.DataStructures|x86.ActiveCfg = Debug|Any CPU
		{97790318-92B5-4A6D-A367-498850D3A7A4}.Debug|Any CPU.ActiveCfg = Debug|Any CPU
		{97790318-92B5-4A6D-A367-498850D3A7A4}.Debug|Any CPU.Build.0 = Debug|Any CPU
		{97790318-92B5-4A6D-A367-498850D3A7A4}.Debug|Mixed Platforms.ActiveCfg = Debug|Any CPU
		{97790318-92B5-4A6D-A367-498850D3A7A4}.Debug|Mixed Platforms.Build.0 = Debug|Any CPU
		{97790318-92B5-4A6D-A367-498850D3A7A4}.Debug|x86.ActiveCfg = Debug|Any CPU
		{97790318-92B5-4A6D-A367-498850D3A7A4}.Release|Any CPU.ActiveCfg = Release|Any CPU
		{97790318-92B5-4A6D-A367-498850D3A7A4}.Release|Any CPU.Build.0 = Release|Any CPU
		{97790318-92B5-4A6D-A367-498850D3A7A4}.Release|Mixed Platforms.ActiveCfg = Release|Any CPU
		{97790318-92B5-4A6D-A367-498850D3A7A4}.Release|Mixed Platforms.Build.0 = Release|Any CPU
		{97790318-92B5-4A6D-A367-498850D3A7A4}.Release|x86.ActiveCfg = Release|Any CPU
		{CAE212FE-242B-4E56-8685-80C3245AB562}.DataStructures|Any CPU.ActiveCfg = Debug|Any CPU
		{CAE212FE-242B-4E56-8685-80C3245AB562}.DataStructures|Any CPU.Build.0 = Debug|Any CPU
		{CAE212FE-242B-4E56-8685-80C3245AB562}.DataStructures|Mixed Platforms.ActiveCfg = Debug|Any CPU
		{CAE212FE-242B-4E56-8685-80C3245AB562}.DataStructures|Mixed Platforms.Build.0 = Debug|Any CPU
		{CAE212FE-242B-4E56-8685-80C3245AB562}.DataStructures|x86.ActiveCfg = Debug|Any CPU
		{CAE212FE-242B-4E56-8685-80C3245AB562}.Debug|Any CPU.ActiveCfg = Debug|Any CPU
		{CAE212FE-242B-4E56-8685-80C3245AB562}.Debug|Any CPU.Build.0 = Debug|Any CPU
		{CAE212FE-242B-4E56-8685-80C3245AB562}.Debug|Mixed Platforms.ActiveCfg = Debug|Any CPU
		{CAE212FE-242B-4E56-8685-80C3245AB562}.Debug|Mixed Platforms.Build.0 = Debug|Any CPU
		{CAE212FE-242B-4E56-8685-80C3245AB562}.Debug|x86.ActiveCfg = Debug|Any CPU
		{CAE212FE-242B-4E56-8685-80C3245AB562}.Release|Any CPU.ActiveCfg = Release|Any CPU
		{CAE212FE-242B-4E56-8685-80C3245AB562}.Release|Any CPU.Build.0 = Release|Any CPU
		{CAE212FE-242B-4E56-8685-80C3245AB562}.Release|Mixed Platforms.ActiveCfg = Release|Any CPU
		{CAE212FE-242B-4E56-8685-80C3245AB562}.Release|Mixed Platforms.Build.0 = Release|Any CPU
		{CAE212FE-242B-4E56-8685-80C3245AB562}.Release|x86.ActiveCfg = Release|Any CPU
		{0171175C-20D6-4061-8F88-E2786B1272DF}.DataStructures|Any CPU.ActiveCfg = Debug|Any CPU
		{0171175C-20D6-4061-8F88-E2786B1272DF}.DataStructures|Any CPU.Build.0 = Debug|Any CPU
		{0171175C-20D6-4061-8F88-E2786B1272DF}.DataStructures|Mixed Platforms.ActiveCfg = Debug|Any CPU
		{0171175C-20D6-4061-8F88-E2786B1272DF}.DataStructures|Mixed Platforms.Build.0 = Debug|Any CPU
		{0171175C-20D6-4061-8F88-E2786B1272DF}.DataStructures|x86.ActiveCfg = Debug|Any CPU
		{0171175C-20D6-4061-8F88-E2786B1272DF}.Debug|Any CPU.ActiveCfg = Debug|Any CPU
		{0171175C-20D6-4061-8F88-E2786B1272DF}.Debug|Any CPU.Build.0 = Debug|Any CPU
		{0171175C-20D6-4061-8F88-E2786B1272DF}.Debug|Mixed Platforms.ActiveCfg = Debug|Any CPU
		{0171175C-20D6-4061-8F88-E2786B1272DF}.Debug|Mixed Platforms.Build.0 = Debug|Any CPU
		{0171175C-20D6-4061-8F88-E2786B1272DF}.Debug|x86.ActiveCfg = Debug|Any CPU
		{0171175C-20D6-4061-8F88-E2786B1272DF}.Release|Any CPU.ActiveCfg = Release|Any CPU
		{0171175C-20D6-4061-8F88-E2786B1272DF}.Release|Any CPU.Build.0 = Release|Any CPU
		{0171175C-20D6-4061-8F88-E2786B1272DF}.Release|Mixed Platforms.ActiveCfg = Release|Any CPU
		{0171175C-20D6-4061-8F88-E2786B1272DF}.Release|Mixed Platforms.Build.0 = Release|Any CPU
		{0171175C-20D6-4061-8F88-E2786B1272DF}.Release|x86.ActiveCfg = Release|Any CPU
		{48770C02-8F6B-4B82-8911-EE365E9E8C9C}.DataStructures|Any CPU.ActiveCfg = Debug|Any CPU
		{48770C02-8F6B-4B82-8911-EE365E9E8C9C}.DataStructures|Any CPU.Build.0 = Debug|Any CPU
		{48770C02-8F6B-4B82-8911-EE365E9E8C9C}.DataStructures|Mixed Platforms.ActiveCfg = Debug|Any CPU
		{48770C02-8F6B-4B82-8911-EE365E9E8C9C}.DataStructures|Mixed Platforms.Build.0 = Debug|Any CPU
		{48770C02-8F6B-4B82-8911-EE365E9E8C9C}.DataStructures|x86.ActiveCfg = Debug|Any CPU
		{48770C02-8F6B-4B82-8911-EE365E9E8C9C}.Debug|Any CPU.ActiveCfg = Debug|Any CPU
		{48770C02-8F6B-4B82-8911-EE365E9E8C9C}.Debug|Any CPU.Build.0 = Debug|Any CPU
		{48770C02-8F6B-4B82-8911-EE365E9E8C9C}.Debug|Mixed Platforms.ActiveCfg = Debug|Any CPU
		{48770C02-8F6B-4B82-8911-EE365E9E8C9C}.Debug|Mixed Platforms.Build.0 = Debug|Any CPU
		{48770C02-8F6B-4B82-8911-EE365E9E8C9C}.Debug|x86.ActiveCfg = Debug|Any CPU
		{48770C02-8F6B-4B82-8911-EE365E9E8C9C}.Release|Any CPU.ActiveCfg = Release|Any CPU
		{48770C02-8F6B-4B82-8911-EE365E9E8C9C}.Release|Any CPU.Build.0 = Release|Any CPU
		{48770C02-8F6B-4B82-8911-EE365E9E8C9C}.Release|Mixed Platforms.ActiveCfg = Release|Any CPU
		{48770C02-8F6B-4B82-8911-EE365E9E8C9C}.Release|Mixed Platforms.Build.0 = Release|Any CPU
		{48770C02-8F6B-4B82-8911-EE365E9E8C9C}.Release|x86.ActiveCfg = Release|Any CPU
		{A0A11809-14D9-4896-8525-85EF3B4D43BF}.DataStructures|Any CPU.ActiveCfg = Debug|Any CPU
		{A0A11809-14D9-4896-8525-85EF3B4D43BF}.DataStructures|Any CPU.Build.0 = Debug|Any CPU
		{A0A11809-14D9-4896-8525-85EF3B4D43BF}.DataStructures|Mixed Platforms.ActiveCfg = Debug|Any CPU
		{A0A11809-14D9-4896-8525-85EF3B4D43BF}.DataStructures|Mixed Platforms.Build.0 = Debug|Any CPU
		{A0A11809-14D9-4896-8525-85EF3B4D43BF}.DataStructures|x86.ActiveCfg = Debug|Any CPU
		{A0A11809-14D9-4896-8525-85EF3B4D43BF}.Debug|Any CPU.ActiveCfg = Debug|Any CPU
		{A0A11809-14D9-4896-8525-85EF3B4D43BF}.Debug|Any CPU.Build.0 = Debug|Any CPU
		{A0A11809-14D9-4896-8525-85EF3B4D43BF}.Debug|Mixed Platforms.ActiveCfg = Debug|Any CPU
		{A0A11809-14D9-4896-8525-85EF3B4D43BF}.Debug|Mixed Platforms.Build.0 = Debug|Any CPU
		{A0A11809-14D9-4896-8525-85EF3B4D43BF}.Debug|x86.ActiveCfg = Debug|Any CPU
		{A0A11809-14D9-4896-8525-85EF3B4D43BF}.Release|Any CPU.ActiveCfg = Release|Any CPU
		{A0A11809-14D9-4896-8525-85EF3B4D43BF}.Release|Any CPU.Build.0 = Release|Any CPU
		{A0A11809-14D9-4896-8525-85EF3B4D43BF}.Release|Mixed Platforms.ActiveCfg = Release|Any CPU
		{A0A11809-14D9-4896-8525-85EF3B4D43BF}.Release|Mixed Platforms.Build.0 = Release|Any CPU
		{A0A11809-14D9-4896-8525-85EF3B4D43BF}.Release|x86.ActiveCfg = Release|Any CPU
		{A19058BA-54BF-498F-BED3-6564D5117842}.DataStructures|Any CPU.ActiveCfg = Debug|Any CPU
		{A19058BA-54BF-498F-BED3-6564D5117842}.DataStructures|Any CPU.Build.0 = Debug|Any CPU
		{A19058BA-54BF-498F-BED3-6564D5117842}.DataStructures|Mixed Platforms.ActiveCfg = Debug|Any CPU
		{A19058BA-54BF-498F-BED3-6564D5117842}.DataStructures|Mixed Platforms.Build.0 = Debug|Any CPU
		{A19058BA-54BF-498F-BED3-6564D5117842}.DataStructures|x86.ActiveCfg = Debug|Any CPU
		{A19058BA-54BF-498F-BED3-6564D5117842}.Debug|Any CPU.ActiveCfg = Debug|Any CPU
		{A19058BA-54BF-498F-BED3-6564D5117842}.Debug|Any CPU.Build.0 = Debug|Any CPU
		{A19058BA-54BF-498F-BED3-6564D5117842}.Debug|Mixed Platforms.ActiveCfg = Debug|Any CPU
		{A19058BA-54BF-498F-BED3-6564D5117842}.Debug|Mixed Platforms.Build.0 = Debug|Any CPU
		{A19058BA-54BF-498F-BED3-6564D5117842}.Debug|x86.ActiveCfg = Debug|Any CPU
		{A19058BA-54BF-498F-BED3-6564D5117842}.Release|Any CPU.ActiveCfg = Release|Any CPU
		{A19058BA-54BF-498F-BED3-6564D5117842}.Release|Any CPU.Build.0 = Release|Any CPU
		{A19058BA-54BF-498F-BED3-6564D5117842}.Release|Mixed Platforms.ActiveCfg = Release|Any CPU
		{A19058BA-54BF-498F-BED3-6564D5117842}.Release|Mixed Platforms.Build.0 = Release|Any CPU
		{A19058BA-54BF-498F-BED3-6564D5117842}.Release|x86.ActiveCfg = Release|Any CPU
		{C5BDEC68-56F5-447E-8386-BB82B1C76165}.DataStructures|Any CPU.ActiveCfg = Debug|Any CPU
		{C5BDEC68-56F5-447E-8386-BB82B1C76165}.DataStructures|Any CPU.Build.0 = Debug|Any CPU
		{C5BDEC68-56F5-447E-8386-BB82B1C76165}.DataStructures|Mixed Platforms.ActiveCfg = Debug|Any CPU
		{C5BDEC68-56F5-447E-8386-BB82B1C76165}.DataStructures|Mixed Platforms.Build.0 = Debug|Any CPU
		{C5BDEC68-56F5-447E-8386-BB82B1C76165}.DataStructures|x86.ActiveCfg = Debug|Any CPU
		{C5BDEC68-56F5-447E-8386-BB82B1C76165}.Debug|Any CPU.ActiveCfg = Debug|Any CPU
		{C5BDEC68-56F5-447E-8386-BB82B1C76165}.Debug|Any CPU.Build.0 = Debug|Any CPU
		{C5BDEC68-56F5-447E-8386-BB82B1C76165}.Debug|Mixed Platforms.ActiveCfg = Debug|Any CPU
		{C5BDEC68-56F5-447E-8386-BB82B1C76165}.Debug|Mixed Platforms.Build.0 = Debug|Any CPU
		{C5BDEC68-56F5-447E-8386-BB82B1C76165}.Debug|x86.ActiveCfg = Debug|Any CPU
		{C5BDEC68-56F5-447E-8386-BB82B1C76165}.Release|Any CPU.ActiveCfg = Release|Any CPU
		{C5BDEC68-56F5-447E-8386-BB82B1C76165}.Release|Any CPU.Build.0 = Release|Any CPU
		{C5BDEC68-56F5-447E-8386-BB82B1C76165}.Release|Mixed Platforms.ActiveCfg = Release|Any CPU
		{C5BDEC68-56F5-447E-8386-BB82B1C76165}.Release|Mixed Platforms.Build.0 = Release|Any CPU
		{C5BDEC68-56F5-447E-8386-BB82B1C76165}.Release|x86.ActiveCfg = Release|Any CPU
		{4B763738-CF1A-4DEC-A888-7D3D15054231}.DataStructures|Any CPU.ActiveCfg = DataStructures|Any CPU
		{4B763738-CF1A-4DEC-A888-7D3D15054231}.DataStructures|Any CPU.Build.0 = DataStructures|Any CPU
		{4B763738-CF1A-4DEC-A888-7D3D15054231}.DataStructures|Mixed Platforms.ActiveCfg = DataStructures|Any CPU
		{4B763738-CF1A-4DEC-A888-7D3D15054231}.DataStructures|Mixed Platforms.Build.0 = DataStructures|Any CPU
		{4B763738-CF1A-4DEC-A888-7D3D15054231}.DataStructures|x86.ActiveCfg = DataStructures|Any CPU
		{4B763738-CF1A-4DEC-A888-7D3D15054231}.Debug|Any CPU.ActiveCfg = Debug|Any CPU
		{4B763738-CF1A-4DEC-A888-7D3D15054231}.Debug|Any CPU.Build.0 = Debug|Any CPU
		{4B763738-CF1A-4DEC-A888-7D3D15054231}.Debug|Mixed Platforms.ActiveCfg = Debug|Any CPU
		{4B763738-CF1A-4DEC-A888-7D3D15054231}.Debug|Mixed Platforms.Build.0 = Debug|Any CPU
		{4B763738-CF1A-4DEC-A888-7D3D15054231}.Debug|x86.ActiveCfg = Debug|Any CPU
		{4B763738-CF1A-4DEC-A888-7D3D15054231}.Release|Any CPU.ActiveCfg = Release|Any CPU
		{4B763738-CF1A-4DEC-A888-7D3D15054231}.Release|Any CPU.Build.0 = Release|Any CPU
		{4B763738-CF1A-4DEC-A888-7D3D15054231}.Release|Mixed Platforms.ActiveCfg = Release|Any CPU
		{4B763738-CF1A-4DEC-A888-7D3D15054231}.Release|Mixed Platforms.Build.0 = Release|Any CPU
		{4B763738-CF1A-4DEC-A888-7D3D15054231}.Release|x86.ActiveCfg = Release|Any CPU
		{AD3C8E86-F4CF-426F-A31D-015056227777}.DataStructures|Any CPU.ActiveCfg = Debug|Any CPU
		{AD3C8E86-F4CF-426F-A31D-015056227777}.DataStructures|Any CPU.Build.0 = Debug|Any CPU
		{AD3C8E86-F4CF-426F-A31D-015056227777}.DataStructures|Mixed Platforms.ActiveCfg = Debug|Any CPU
		{AD3C8E86-F4CF-426F-A31D-015056227777}.DataStructures|Mixed Platforms.Build.0 = Debug|Any CPU
		{AD3C8E86-F4CF-426F-A31D-015056227777}.DataStructures|x86.ActiveCfg = Debug|Any CPU
		{AD3C8E86-F4CF-426F-A31D-015056227777}.Debug|Any CPU.ActiveCfg = Debug|Any CPU
		{AD3C8E86-F4CF-426F-A31D-015056227777}.Debug|Any CPU.Build.0 = Debug|Any CPU
		{AD3C8E86-F4CF-426F-A31D-015056227777}.Debug|Mixed Platforms.ActiveCfg = Debug|Any CPU
		{AD3C8E86-F4CF-426F-A31D-015056227777}.Debug|Mixed Platforms.Build.0 = Debug|Any CPU
		{AD3C8E86-F4CF-426F-A31D-015056227777}.Debug|x86.ActiveCfg = Debug|Any CPU
		{AD3C8E86-F4CF-426F-A31D-015056227777}.Release|Any CPU.ActiveCfg = Release|Any CPU
		{AD3C8E86-F4CF-426F-A31D-015056227777}.Release|Any CPU.Build.0 = Release|Any CPU
		{AD3C8E86-F4CF-426F-A31D-015056227777}.Release|Mixed Platforms.ActiveCfg = Release|Any CPU
		{AD3C8E86-F4CF-426F-A31D-015056227777}.Release|Mixed Platforms.Build.0 = Release|Any CPU
		{AD3C8E86-F4CF-426F-A31D-015056227777}.Release|x86.ActiveCfg = Release|Any CPU
		{7D569323-71D4-4F6F-94EC-CD210C137359}.DataStructures|Any CPU.ActiveCfg = Debug|Any CPU
		{7D569323-71D4-4F6F-94EC-CD210C137359}.DataStructures|Any CPU.Build.0 = Debug|Any CPU
		{7D569323-71D4-4F6F-94EC-CD210C137359}.DataStructures|Mixed Platforms.ActiveCfg = Debug|Any CPU
		{7D569323-71D4-4F6F-94EC-CD210C137359}.DataStructures|Mixed Platforms.Build.0 = Debug|Any CPU
		{7D569323-71D4-4F6F-94EC-CD210C137359}.DataStructures|x86.ActiveCfg = Debug|Any CPU
		{7D569323-71D4-4F6F-94EC-CD210C137359}.Debug|Any CPU.ActiveCfg = Debug|Any CPU
		{7D569323-71D4-4F6F-94EC-CD210C137359}.Debug|Any CPU.Build.0 = Debug|Any CPU
		{7D569323-71D4-4F6F-94EC-CD210C137359}.Debug|Mixed Platforms.ActiveCfg = Debug|Any CPU
		{7D569323-71D4-4F6F-94EC-CD210C137359}.Debug|Mixed Platforms.Build.0 = Debug|Any CPU
		{7D569323-71D4-4F6F-94EC-CD210C137359}.Debug|x86.ActiveCfg = Debug|Any CPU
		{7D569323-71D4-4F6F-94EC-CD210C137359}.Release|Any CPU.ActiveCfg = Release|Any CPU
		{7D569323-71D4-4F6F-94EC-CD210C137359}.Release|Any CPU.Build.0 = Release|Any CPU
		{7D569323-71D4-4F6F-94EC-CD210C137359}.Release|Mixed Platforms.ActiveCfg = Release|Any CPU
		{7D569323-71D4-4F6F-94EC-CD210C137359}.Release|Mixed Platforms.Build.0 = Release|Any CPU
		{7D569323-71D4-4F6F-94EC-CD210C137359}.Release|x86.ActiveCfg = Release|Any CPU
		{65E077ED-F51A-42D7-8004-E90D60AF8B8F}.DataStructures|Any CPU.ActiveCfg = Debug|Any CPU
		{65E077ED-F51A-42D7-8004-E90D60AF8B8F}.DataStructures|Any CPU.Build.0 = Debug|Any CPU
		{65E077ED-F51A-42D7-8004-E90D60AF8B8F}.DataStructures|Mixed Platforms.ActiveCfg = Debug|Any CPU
		{65E077ED-F51A-42D7-8004-E90D60AF8B8F}.DataStructures|Mixed Platforms.Build.0 = Debug|Any CPU
		{65E077ED-F51A-42D7-8004-E90D60AF8B8F}.DataStructures|x86.ActiveCfg = Debug|Any CPU
		{65E077ED-F51A-42D7-8004-E90D60AF8B8F}.Debug|Any CPU.ActiveCfg = Debug|Any CPU
		{65E077ED-F51A-42D7-8004-E90D60AF8B8F}.Debug|Any CPU.Build.0 = Debug|Any CPU
		{65E077ED-F51A-42D7-8004-E90D60AF8B8F}.Debug|Mixed Platforms.ActiveCfg = Debug|Any CPU
		{65E077ED-F51A-42D7-8004-E90D60AF8B8F}.Debug|Mixed Platforms.Build.0 = Debug|Any CPU
		{65E077ED-F51A-42D7-8004-E90D60AF8B8F}.Debug|x86.ActiveCfg = Debug|Any CPU
		{65E077ED-F51A-42D7-8004-E90D60AF8B8F}.Release|Any CPU.ActiveCfg = Release|Any CPU
		{65E077ED-F51A-42D7-8004-E90D60AF8B8F}.Release|Any CPU.Build.0 = Release|Any CPU
		{65E077ED-F51A-42D7-8004-E90D60AF8B8F}.Release|Mixed Platforms.ActiveCfg = Release|Any CPU
		{65E077ED-F51A-42D7-8004-E90D60AF8B8F}.Release|Mixed Platforms.Build.0 = Release|Any CPU
		{65E077ED-F51A-42D7-8004-E90D60AF8B8F}.Release|x86.ActiveCfg = Release|Any CPU
		{FBE1E618-4F32-4305-95C0-B0FFBAD24EF7}.DataStructures|Any CPU.ActiveCfg = Debug|Any CPU
		{FBE1E618-4F32-4305-95C0-B0FFBAD24EF7}.DataStructures|Any CPU.Build.0 = Debug|Any CPU
		{FBE1E618-4F32-4305-95C0-B0FFBAD24EF7}.DataStructures|Mixed Platforms.ActiveCfg = Debug|Any CPU
		{FBE1E618-4F32-4305-95C0-B0FFBAD24EF7}.DataStructures|Mixed Platforms.Build.0 = Debug|Any CPU
		{FBE1E618-4F32-4305-95C0-B0FFBAD24EF7}.DataStructures|x86.ActiveCfg = Debug|Any CPU
		{FBE1E618-4F32-4305-95C0-B0FFBAD24EF7}.Debug|Any CPU.ActiveCfg = Debug|Any CPU
		{FBE1E618-4F32-4305-95C0-B0FFBAD24EF7}.Debug|Any CPU.Build.0 = Debug|Any CPU
		{FBE1E618-4F32-4305-95C0-B0FFBAD24EF7}.Debug|Mixed Platforms.ActiveCfg = Debug|Any CPU
		{FBE1E618-4F32-4305-95C0-B0FFBAD24EF7}.Debug|Mixed Platforms.Build.0 = Debug|Any CPU
		{FBE1E618-4F32-4305-95C0-B0FFBAD24EF7}.Debug|x86.ActiveCfg = Debug|Any CPU
		{FBE1E618-4F32-4305-95C0-B0FFBAD24EF7}.Release|Any CPU.ActiveCfg = Release|Any CPU
		{FBE1E618-4F32-4305-95C0-B0FFBAD24EF7}.Release|Any CPU.Build.0 = Release|Any CPU
		{FBE1E618-4F32-4305-95C0-B0FFBAD24EF7}.Release|Mixed Platforms.ActiveCfg = Release|Any CPU
		{FBE1E618-4F32-4305-95C0-B0FFBAD24EF7}.Release|Mixed Platforms.Build.0 = Release|Any CPU
		{FBE1E618-4F32-4305-95C0-B0FFBAD24EF7}.Release|x86.ActiveCfg = Release|Any CPU
	EndGlobalSection
	GlobalSection(SolutionProperties) = preSolution
		HideSolutionNode = FALSE
	EndGlobalSection
	GlobalSection(NestedProjects) = preSolution
		{D8999DF6-EC14-41CE-8E63-D37B90F3357C} = {9547EC26-72FD-43FE-9D91-7ECC1E73DAAD}
		{F4431F59-B9D3-4D3B-BF6E-3E29FCDCDA3C} = {9547EC26-72FD-43FE-9D91-7ECC1E73DAAD}
		{97790318-92B5-4A6D-A367-498850D3A7A4} = {9547EC26-72FD-43FE-9D91-7ECC1E73DAAD}
		{CAE212FE-242B-4E56-8685-80C3245AB562} = {9547EC26-72FD-43FE-9D91-7ECC1E73DAAD}
		{0171175C-20D6-4061-8F88-E2786B1272DF} = {9547EC26-72FD-43FE-9D91-7ECC1E73DAAD}
		{48770C02-8F6B-4B82-8911-EE365E9E8C9C} = {9547EC26-72FD-43FE-9D91-7ECC1E73DAAD}
		{A0A11809-14D9-4896-8525-85EF3B4D43BF} = {9547EC26-72FD-43FE-9D91-7ECC1E73DAAD}
		{72613558-B230-43F0-84D7-584030BF5316} = {9547EC26-72FD-43FE-9D91-7ECC1E73DAAD}
		{A19058BA-54BF-498F-BED3-6564D5117842} = {9547EC26-72FD-43FE-9D91-7ECC1E73DAAD}
		{C5BDEC68-56F5-447E-8386-BB82B1C76165} = {9547EC26-72FD-43FE-9D91-7ECC1E73DAAD}
		{7D569323-71D4-4F6F-94EC-CD210C137359} = {9547EC26-72FD-43FE-9D91-7ECC1E73DAAD}
		{41D22552-BAFB-47D5-B20A-D81E18C3C1E8} = {EFB3F0C2-10B4-4EF5-8FA7-CC39880067A1}
		{3939EBF0-264F-480B-BFC4-25B21C8EEB1C} = {EFB3F0C2-10B4-4EF5-8FA7-CC39880067A1}
		{330FD61A-B9FE-4AA7-9595-F7BDAB3DDC44} = {EFB3F0C2-10B4-4EF5-8FA7-CC39880067A1}
	EndGlobalSection
EndGlobal
