
Microsoft Visual Studio Solution File, Format Version 12.00
# Visual Studio 11
Project("{F2A71F9B-5D33-465A-A702-920D77279786}") = "FSharpx.TypeProviders.Tests", "tests\FSharpx.TypeProviders.Tests\FSharpx.TypeProviders.Tests.fsproj", "{7B3C99B0-E1B6-4BD8-81BC-3F62300A363F}"
EndProject
Global
	GlobalSection(SolutionConfigurationPlatforms) = preSolution
		Debug|Any CPU = Debug|Any CPU
		Release|Any CPU = Release|Any CPU
	EndGlobalSection
	GlobalSection(ProjectConfigurationPlatforms) = postSolution
		{7B3C99B0-E1B6-4BD8-81BC-3F62300A363F}.Debug|Any CPU.ActiveCfg = Debug|Any CPU
		{7B3C99B0-E1B6-4BD8-81BC-3F62300A363F}.Debug|Any CPU.Build.0 = Debug|Any CPU
		{7B3C99B0-E1B6-4BD8-81BC-3F62300A363F}.Release|Any CPU.ActiveCfg = Release|Any CPU
		{7B3C99B0-E1B6-4BD8-81BC-3F62300A363F}.Release|Any CPU.Build.0 = Release|Any CPU
	EndGlobalSection
	GlobalSection(SolutionProperties) = preSolution
		HideSolutionNode = FALSE
	EndGlobalSection
EndGlobal
