Microsoft Visual Studio Solution File, Format Version 12.00
# Visual Studio 2012
Project("{2150E333-8FDC-42A3-9474-1A3956D46DE8}") = "Solution Items", "Solution Items", "{722621A6-FA45-4129-8B8D-94880DCD7971}"
	ProjectSection(SolutionItems) = preProject
		build.fsx = build.fsx
		FSharpx.Core.nuspec = FSharpx.Core.nuspec
		LICENSE.md = LICENSE.md
		README.md = README.md
	EndProjectSection
EndProject
Project("{F2A71F9B-5D33-465A-A702-920D77279786}") = "FSharpx.Tests", "tests\FSharpx.Tests\FSharpx.Tests.fsproj", "{26D9D3EE-E882-43E6-A79E-5D1D89E92C4F}"
EndProject
Project("{FAE04EC0-301F-11D3-BF4B-00C04F79EFBC}") = "FSharpx.CSharpTests", "tests\FSharpx.CSharpTests\FSharpx.CSharpTests.csproj", "{4354A199-6ACF-4DB5-A8FA-BAD638D1D0E3}"
EndProject
Project("{F2A71F9B-5D33-465A-A702-920D77279786}") = "FSharpx.Core", "src\FSharpx.Core\FSharpx.Core.fsproj", "{1E95A279-C2A9-498B-BC72-6E7A0D6854CE}"
EndProject
Project("{2150E333-8FDC-42A3-9474-1A3956D46DE8}") = "Samples", "Samples", "{EFB3F0C2-10B4-4EF5-8FA7-CC39880067A1}"
	ProjectSection(SolutionItems) = preProject
		samples\AsyncSeqObservable.fsx = samples\AsyncSeqObservable.fsx
		samples\AutoCancel.fsx = samples\AutoCancel.fsx
		samples\BatchProcessing.fsx = samples\BatchProcessing.fsx
		samples\BlockingQueue.fsx = samples\BlockingQueue.fsx
		samples\Caching.fsx = samples\Caching.fsx
		samples\ChatServer.fsx = samples\ChatServer.fsx
		samples\CircularBuffer.fsx = samples\CircularBuffer.fsx
		samples\Crawler.fsx = samples\Crawler.fsx
		samples\MouseFollow.fsx = samples\MouseFollow.fsx
		samples\StmSample.fsx = samples\StmSample.fsx
		samples\StockStream.fsx = samples\StockStream.fsx
		samples\WebProxy.fsx = samples\WebProxy.fsx
	EndProjectSection
EndProject
Project("{F2A71F9B-5D33-465A-A702-920D77279786}") = "Santa", "samples\Santa\Santa.fsproj", "{41D22552-BAFB-47D5-B20A-D81E18C3C1E8}"
EndProject
Project("{F2A71F9B-5D33-465A-A702-920D77279786}") = "FSharpx.Http", "src\FSharpx.Http\FSharpx.Http.fsproj", "{60F3BB81-5449-45DD-A217-B6045327680C}"
EndProject
Project("{F2A71F9B-5D33-465A-A702-920D77279786}") = "FSharpx.Http.Tests", "tests\FSharpx.Http.Tests\FSharpx.Http.Tests.fsproj", "{3D1FCA4C-757E-4AD0-9E4B-4101C8AFCCA4}"
EndProject
Project("{FAE04EC0-301F-11D3-BF4B-00C04F79EFBC}") = "TimeFliesLikeAnArrow", "samples\TimeFliesLikeAnArrow\TimeFliesLikeAnArrow.csproj", "{EC2F35C2-6DC7-437B-9BD1-44DC1B6F7136}"
EndProject
Project("{F2A71F9B-5D33-465A-A702-920D77279786}") = "FSharpx.Observable", "src\FSharpx.Observable\FSharpx.Observable.fsproj", "{2E802F54-9CD0-4B0A-B834-5C5979403B50}"
EndProject
Project("{FAE04EC0-301F-11D3-BF4B-00C04F79EFBC}") = "FSharpx.Observable.Tests", "tests\FSharpx.Observable.Tests\FSharpx.Observable.Tests.csproj", "{13CF1E8D-D712-4031-8EEF-414534CC234E}"
EndProject
Project("{F2A71F9B-5D33-465A-A702-920D77279786}") = "UndoSample", "samples\UndoSample\UndoSample.fsproj", "{3939EBF0-264F-480B-BFC4-25B21C8EEB1C}"
EndProject
Project("{F2A71F9B-5D33-465A-A702-920D77279786}") = "DiningPhilosophers", "samples\DiningPhilosophers\DiningPhilosophers.fsproj", "{330FD61A-B9FE-4AA7-9595-F7BDAB3DDC44}"
EndProject
Project("{F2A71F9B-5D33-465A-A702-920D77279786}") = "DataStructures", "samples\DataStructures\DataStructures.fsproj", "{C6835309-26A4-4718-931F-FD533E08E1D6}"
EndProject
Project("{2150E333-8FDC-42A3-9474-1A3956D46DE8}") = ".nuget", ".nuget", "{04FE33E9-D53A-4703-B86B-C84B64958D19}"
	ProjectSection(SolutionItems) = preProject
		.nuget\NuGet.Config = .nuget\NuGet.Config
		.nuget\NuGet.exe = .nuget\NuGet.exe
		.nuget\NuGet.targets = .nuget\NuGet.targets
		.nuget\packages.config = .nuget\packages.config
	EndProjectSection
EndProject
Project("{F2A71F9B-5D33-465A-A702-920D77279786}") = "FSharpx.Collections.Experimental", "src\FSharpx.Collections.Experimental\FSharpx.Collections.Experimental.fsproj", "{AD3C8E86-F4CF-426F-A31D-015056227777}"
	ProjectSection(ProjectDependencies) = postProject
		{1E95A279-C2A9-498B-BC72-6E7A0D6854CE} = {1E95A279-C2A9-498B-BC72-6E7A0D6854CE}
	EndProjectSection
EndProject
Project("{F2A71F9B-5D33-465A-A702-920D77279786}") = "FSharpx.Collections.Experimental.Tests", "tests\FSharpx.Collections.Experimental.Tests\FSharpx.Collections.Experimental.Tests.fsproj", "{4B763738-CF1A-4DEC-A888-7D3D15054231}"
EndProject
Project("{F2A71F9B-5D33-465A-A702-920D77279786}") = "FSharpx.Collections.Tests", "tests\FSharpx.Collections.Tests\FSharpx.Collections.Tests.fsproj", "{B397365B-F6EF-4ABC-94F1-8F6EA900BF20}"
EndProject
Project("{F2A71F9B-5D33-465A-A702-920D77279786}") = "FSharpx.Core.Tests", "FSharpx.Core.Tests\FSharpx.Core.Tests.fsproj", "{AD500A06-96ED-408C-9472-262CDC2A119B}"
EndProject
Project("{F2A71F9B-5D33-465A-A702-920D77279786}") = "FSharpx.Text.StructuredFormat", "src\FSharpx.Text.StructuredFormat\FSharpx.Text.StructuredFormat.fsproj", "{65E077ED-F51A-42D7-8004-E90D60AF8B8F}"
EndProject
Project("{F2A71F9B-5D33-465A-A702-920D77279786}") = "FSharpx.Text.StructuredFormat.Tests", "tests\FSharpx.Text.StructuredFormat.Tests\FSharpx.Text.StructuredFormat.Tests.fsproj", "{FBE1E618-4F32-4305-95C0-B0FFBAD24EF7}"
EndProject
Global
	GlobalSection(SolutionConfigurationPlatforms) = preSolution
		DataStructures|Any CPU = DataStructures|Any CPU
		DataStructures|Mixed Platforms = DataStructures|Mixed Platforms
		DataStructures|x86 = DataStructures|x86
		Debug|Any CPU = Debug|Any CPU
		Debug|Mixed Platforms = Debug|Mixed Platforms
		Debug|x86 = Debug|x86
		Release|Any CPU = Release|Any CPU
		Release|Mixed Platforms = Release|Mixed Platforms
		Release|x86 = Release|x86
	EndGlobalSection
	GlobalSection(ProjectConfigurationPlatforms) = postSolution
		{26D9D3EE-E882-43E6-A79E-5D1D89E92C4F}.DataStructures|Any CPU.ActiveCfg = DataStructures|Any CPU
		{26D9D3EE-E882-43E6-A79E-5D1D89E92C4F}.DataStructures|Any CPU.Build.0 = DataStructures|Any CPU
		{26D9D3EE-E882-43E6-A79E-5D1D89E92C4F}.DataStructures|Mixed Platforms.ActiveCfg = DataStructures|Any CPU
		{26D9D3EE-E882-43E6-A79E-5D1D89E92C4F}.DataStructures|Mixed Platforms.Build.0 = DataStructures|Any CPU
		{26D9D3EE-E882-43E6-A79E-5D1D89E92C4F}.DataStructures|x86.ActiveCfg = DataStructures|Any CPU
		{26D9D3EE-E882-43E6-A79E-5D1D89E92C4F}.Debug|Any CPU.ActiveCfg = Debug|Any CPU
		{26D9D3EE-E882-43E6-A79E-5D1D89E92C4F}.Debug|Any CPU.Build.0 = Debug|Any CPU
		{26D9D3EE-E882-43E6-A79E-5D1D89E92C4F}.Debug|Mixed Platforms.ActiveCfg = Debug|Any CPU
		{26D9D3EE-E882-43E6-A79E-5D1D89E92C4F}.Debug|Mixed Platforms.Build.0 = Debug|Any CPU
		{26D9D3EE-E882-43E6-A79E-5D1D89E92C4F}.Debug|x86.ActiveCfg = Debug|Any CPU
		{26D9D3EE-E882-43E6-A79E-5D1D89E92C4F}.Release|Any CPU.ActiveCfg = Release|Any CPU
		{26D9D3EE-E882-43E6-A79E-5D1D89E92C4F}.Release|Any CPU.Build.0 = Release|Any CPU
		{26D9D3EE-E882-43E6-A79E-5D1D89E92C4F}.Release|Mixed Platforms.ActiveCfg = Release|Any CPU
		{26D9D3EE-E882-43E6-A79E-5D1D89E92C4F}.Release|Mixed Platforms.Build.0 = Release|Any CPU
		{26D9D3EE-E882-43E6-A79E-5D1D89E92C4F}.Release|x86.ActiveCfg = Release|Any CPU
		{4354A199-6ACF-4DB5-A8FA-BAD638D1D0E3}.DataStructures|Any CPU.ActiveCfg = DataStructures|Any CPU
		{4354A199-6ACF-4DB5-A8FA-BAD638D1D0E3}.DataStructures|Any CPU.Build.0 = DataStructures|Any CPU
		{4354A199-6ACF-4DB5-A8FA-BAD638D1D0E3}.DataStructures|Mixed Platforms.ActiveCfg = DataStructures|Any CPU
		{4354A199-6ACF-4DB5-A8FA-BAD638D1D0E3}.DataStructures|Mixed Platforms.Build.0 = DataStructures|Any CPU
		{4354A199-6ACF-4DB5-A8FA-BAD638D1D0E3}.DataStructures|x86.ActiveCfg = DataStructures|Any CPU
		{4354A199-6ACF-4DB5-A8FA-BAD638D1D0E3}.Debug|Any CPU.ActiveCfg = Debug|Any CPU
		{4354A199-6ACF-4DB5-A8FA-BAD638D1D0E3}.Debug|Any CPU.Build.0 = Debug|Any CPU
		{4354A199-6ACF-4DB5-A8FA-BAD638D1D0E3}.Debug|Mixed Platforms.ActiveCfg = Debug|Any CPU
		{4354A199-6ACF-4DB5-A8FA-BAD638D1D0E3}.Debug|Mixed Platforms.Build.0 = Debug|Any CPU
		{4354A199-6ACF-4DB5-A8FA-BAD638D1D0E3}.Debug|x86.ActiveCfg = Debug|Any CPU
		{4354A199-6ACF-4DB5-A8FA-BAD638D1D0E3}.Release|Any CPU.ActiveCfg = Release|Any CPU
		{4354A199-6ACF-4DB5-A8FA-BAD638D1D0E3}.Release|Any CPU.Build.0 = Release|Any CPU
		{4354A199-6ACF-4DB5-A8FA-BAD638D1D0E3}.Release|Mixed Platforms.ActiveCfg = Release|Any CPU
		{4354A199-6ACF-4DB5-A8FA-BAD638D1D0E3}.Release|x86.ActiveCfg = Release|Any CPU
		{1E95A279-C2A9-498B-BC72-6E7A0D6854CE}.DataStructures|Any CPU.ActiveCfg = Debug|Any CPU
		{1E95A279-C2A9-498B-BC72-6E7A0D6854CE}.DataStructures|Any CPU.Build.0 = Debug|Any CPU
		{1E95A279-C2A9-498B-BC72-6E7A0D6854CE}.DataStructures|Mixed Platforms.ActiveCfg = Debug|Any CPU
		{1E95A279-C2A9-498B-BC72-6E7A0D6854CE}.DataStructures|Mixed Platforms.Build.0 = Debug|Any CPU
		{1E95A279-C2A9-498B-BC72-6E7A0D6854CE}.DataStructures|x86.ActiveCfg = Debug|Any CPU
		{1E95A279-C2A9-498B-BC72-6E7A0D6854CE}.Debug|Any CPU.ActiveCfg = Debug|Any CPU
		{1E95A279-C2A9-498B-BC72-6E7A0D6854CE}.Debug|Any CPU.Build.0 = Debug|Any CPU
		{1E95A279-C2A9-498B-BC72-6E7A0D6854CE}.Debug|Mixed Platforms.ActiveCfg = Debug|Any CPU
		{1E95A279-C2A9-498B-BC72-6E7A0D6854CE}.Debug|Mixed Platforms.Build.0 = Debug|Any CPU
		{1E95A279-C2A9-498B-BC72-6E7A0D6854CE}.Debug|x86.ActiveCfg = Debug|Any CPU
		{1E95A279-C2A9-498B-BC72-6E7A0D6854CE}.Release|Any CPU.ActiveCfg = Release|Any CPU
		{1E95A279-C2A9-498B-BC72-6E7A0D6854CE}.Release|Any CPU.Build.0 = Release|Any CPU
		{1E95A279-C2A9-498B-BC72-6E7A0D6854CE}.Release|Mixed Platforms.ActiveCfg = Release|Any CPU
		{1E95A279-C2A9-498B-BC72-6E7A0D6854CE}.Release|x86.ActiveCfg = Release|Any CPU
		{41D22552-BAFB-47D5-B20A-D81E18C3C1E8}.DataStructures|Any CPU.ActiveCfg = DataStructures|x86
		{41D22552-BAFB-47D5-B20A-D81E18C3C1E8}.DataStructures|Mixed Platforms.ActiveCfg = DataStructures|x86
		{41D22552-BAFB-47D5-B20A-D81E18C3C1E8}.DataStructures|x86.ActiveCfg = DataStructures|x86
		{41D22552-BAFB-47D5-B20A-D81E18C3C1E8}.DataStructures|x86.Build.0 = DataStructures|x86
		{41D22552-BAFB-47D5-B20A-D81E18C3C1E8}.Debug|Any CPU.ActiveCfg = Debug|x86
		{41D22552-BAFB-47D5-B20A-D81E18C3C1E8}.Debug|Mixed Platforms.ActiveCfg = Debug|x86
		{41D22552-BAFB-47D5-B20A-D81E18C3C1E8}.Debug|Mixed Platforms.Build.0 = Debug|x86
		{41D22552-BAFB-47D5-B20A-D81E18C3C1E8}.Debug|x86.ActiveCfg = Debug|x86
		{41D22552-BAFB-47D5-B20A-D81E18C3C1E8}.Debug|x86.Build.0 = Debug|x86
		{41D22552-BAFB-47D5-B20A-D81E18C3C1E8}.Release|Any CPU.ActiveCfg = Release|x86
		{41D22552-BAFB-47D5-B20A-D81E18C3C1E8}.Release|Mixed Platforms.ActiveCfg = Release|x86
		{41D22552-BAFB-47D5-B20A-D81E18C3C1E8}.Release|Mixed Platforms.Build.0 = Release|x86
		{41D22552-BAFB-47D5-B20A-D81E18C3C1E8}.Release|x86.ActiveCfg = Release|x86
		{41D22552-BAFB-47D5-B20A-D81E18C3C1E8}.Release|x86.Build.0 = Release|x86
		{60F3BB81-5449-45DD-A217-B6045327680C}.DataStructures|Any CPU.ActiveCfg = DataStructures|Any CPU
		{60F3BB81-5449-45DD-A217-B6045327680C}.DataStructures|Any CPU.Build.0 = DataStructures|Any CPU
		{60F3BB81-5449-45DD-A217-B6045327680C}.DataStructures|Mixed Platforms.ActiveCfg = DataStructures|Any CPU
		{60F3BB81-5449-45DD-A217-B6045327680C}.DataStructures|x86.ActiveCfg = DataStructures|Any CPU
		{60F3BB81-5449-45DD-A217-B6045327680C}.Debug|Any CPU.ActiveCfg = Debug|Any CPU
		{60F3BB81-5449-45DD-A217-B6045327680C}.Debug|Any CPU.Build.0 = Debug|Any CPU
		{60F3BB81-5449-45DD-A217-B6045327680C}.Debug|Mixed Platforms.ActiveCfg = Debug|Any CPU
		{60F3BB81-5449-45DD-A217-B6045327680C}.Debug|Mixed Platforms.Build.0 = Debug|Any CPU
		{60F3BB81-5449-45DD-A217-B6045327680C}.Debug|x86.ActiveCfg = Debug|Any CPU
		{60F3BB81-5449-45DD-A217-B6045327680C}.Release|Any CPU.ActiveCfg = Release|Any CPU
		{60F3BB81-5449-45DD-A217-B6045327680C}.Release|Any CPU.Build.0 = Release|Any CPU
		{60F3BB81-5449-45DD-A217-B6045327680C}.Release|Mixed Platforms.ActiveCfg = Release|Any CPU
		{60F3BB81-5449-45DD-A217-B6045327680C}.Release|Mixed Platforms.Build.0 = Release|Any CPU
		{60F3BB81-5449-45DD-A217-B6045327680C}.Release|x86.ActiveCfg = Release|Any CPU
		{3D1FCA4C-757E-4AD0-9E4B-4101C8AFCCA4}.DataStructures|Any CPU.ActiveCfg = DataStructures|Any CPU
		{3D1FCA4C-757E-4AD0-9E4B-4101C8AFCCA4}.DataStructures|Any CPU.Build.0 = DataStructures|Any CPU
		{3D1FCA4C-757E-4AD0-9E4B-4101C8AFCCA4}.DataStructures|Mixed Platforms.ActiveCfg = DataStructures|Any CPU
		{3D1FCA4C-757E-4AD0-9E4B-4101C8AFCCA4}.DataStructures|x86.ActiveCfg = DataStructures|Any CPU
		{3D1FCA4C-757E-4AD0-9E4B-4101C8AFCCA4}.Debug|Any CPU.ActiveCfg = Debug|Any CPU
		{3D1FCA4C-757E-4AD0-9E4B-4101C8AFCCA4}.Debug|Any CPU.Build.0 = Debug|Any CPU
		{3D1FCA4C-757E-4AD0-9E4B-4101C8AFCCA4}.Debug|Mixed Platforms.ActiveCfg = Debug|Any CPU
		{3D1FCA4C-757E-4AD0-9E4B-4101C8AFCCA4}.Debug|Mixed Platforms.Build.0 = Debug|Any CPU
		{3D1FCA4C-757E-4AD0-9E4B-4101C8AFCCA4}.Debug|x86.ActiveCfg = Debug|Any CPU
		{3D1FCA4C-757E-4AD0-9E4B-4101C8AFCCA4}.Release|Any CPU.ActiveCfg = Release|Any CPU
		{3D1FCA4C-757E-4AD0-9E4B-4101C8AFCCA4}.Release|Any CPU.Build.0 = Release|Any CPU
		{3D1FCA4C-757E-4AD0-9E4B-4101C8AFCCA4}.Release|Mixed Platforms.ActiveCfg = Release|Any CPU
		{3D1FCA4C-757E-4AD0-9E4B-4101C8AFCCA4}.Release|Mixed Platforms.Build.0 = Release|Any CPU
		{3D1FCA4C-757E-4AD0-9E4B-4101C8AFCCA4}.Release|x86.ActiveCfg = Release|Any CPU
		{EC2F35C2-6DC7-437B-9BD1-44DC1B6F7136}.DataStructures|Any CPU.ActiveCfg = DataStructures|x86
		{EC2F35C2-6DC7-437B-9BD1-44DC1B6F7136}.DataStructures|Mixed Platforms.ActiveCfg = DataStructures|x86
		{EC2F35C2-6DC7-437B-9BD1-44DC1B6F7136}.DataStructures|x86.ActiveCfg = DataStructures|x86
		{EC2F35C2-6DC7-437B-9BD1-44DC1B6F7136}.DataStructures|x86.Build.0 = DataStructures|x86
		{EC2F35C2-6DC7-437B-9BD1-44DC1B6F7136}.Debug|Any CPU.ActiveCfg = Debug|x86
		{EC2F35C2-6DC7-437B-9BD1-44DC1B6F7136}.Debug|Mixed Platforms.ActiveCfg = Debug|x86
		{EC2F35C2-6DC7-437B-9BD1-44DC1B6F7136}.Debug|Mixed Platforms.Build.0 = Debug|x86
		{EC2F35C2-6DC7-437B-9BD1-44DC1B6F7136}.Debug|x86.ActiveCfg = Debug|x86
		{EC2F35C2-6DC7-437B-9BD1-44DC1B6F7136}.Debug|x86.Build.0 = Debug|x86
		{EC2F35C2-6DC7-437B-9BD1-44DC1B6F7136}.Release|Any CPU.ActiveCfg = Release|x86
		{EC2F35C2-6DC7-437B-9BD1-44DC1B6F7136}.Release|Mixed Platforms.ActiveCfg = Release|x86
		{EC2F35C2-6DC7-437B-9BD1-44DC1B6F7136}.Release|Mixed Platforms.Build.0 = Release|x86
		{EC2F35C2-6DC7-437B-9BD1-44DC1B6F7136}.Release|x86.ActiveCfg = Release|x86
		{EC2F35C2-6DC7-437B-9BD1-44DC1B6F7136}.Release|x86.Build.0 = Release|x86
		{2E802F54-9CD0-4B0A-B834-5C5979403B50}.DataStructures|Any CPU.ActiveCfg = DataStructures|Any CPU
		{2E802F54-9CD0-4B0A-B834-5C5979403B50}.DataStructures|Any CPU.Build.0 = DataStructures|Any CPU
		{2E802F54-9CD0-4B0A-B834-5C5979403B50}.DataStructures|Mixed Platforms.ActiveCfg = DataStructures|Any CPU
		{2E802F54-9CD0-4B0A-B834-5C5979403B50}.DataStructures|x86.ActiveCfg = DataStructures|Any CPU
		{2E802F54-9CD0-4B0A-B834-5C5979403B50}.Debug|Any CPU.ActiveCfg = Debug|Any CPU
		{2E802F54-9CD0-4B0A-B834-5C5979403B50}.Debug|Any CPU.Build.0 = Debug|Any CPU
		{2E802F54-9CD0-4B0A-B834-5C5979403B50}.Debug|Mixed Platforms.ActiveCfg = Debug|Any CPU
		{2E802F54-9CD0-4B0A-B834-5C5979403B50}.Debug|Mixed Platforms.Build.0 = Debug|Any CPU
		{2E802F54-9CD0-4B0A-B834-5C5979403B50}.Debug|x86.ActiveCfg = Debug|Any CPU
		{2E802F54-9CD0-4B0A-B834-5C5979403B50}.Release|Any CPU.ActiveCfg = Release|Any CPU
		{2E802F54-9CD0-4B0A-B834-5C5979403B50}.Release|Any CPU.Build.0 = Release|Any CPU
		{2E802F54-9CD0-4B0A-B834-5C5979403B50}.Release|Mixed Platforms.ActiveCfg = Release|Any CPU
		{2E802F54-9CD0-4B0A-B834-5C5979403B50}.Release|Mixed Platforms.Build.0 = Release|Any CPU
		{2E802F54-9CD0-4B0A-B834-5C5979403B50}.Release|x86.ActiveCfg = Release|Any CPU
		{13CF1E8D-D712-4031-8EEF-414534CC234E}.DataStructures|Any CPU.ActiveCfg = DataStructures|Any CPU
		{13CF1E8D-D712-4031-8EEF-414534CC234E}.DataStructures|Any CPU.Build.0 = DataStructures|Any CPU
		{13CF1E8D-D712-4031-8EEF-414534CC234E}.DataStructures|Mixed Platforms.ActiveCfg = DataStructures|Any CPU
		{13CF1E8D-D712-4031-8EEF-414534CC234E}.DataStructures|x86.ActiveCfg = DataStructures|Any CPU
		{13CF1E8D-D712-4031-8EEF-414534CC234E}.Debug|Any CPU.ActiveCfg = Debug|Any CPU
		{13CF1E8D-D712-4031-8EEF-414534CC234E}.Debug|Any CPU.Build.0 = Debug|Any CPU
		{13CF1E8D-D712-4031-8EEF-414534CC234E}.Debug|Mixed Platforms.ActiveCfg = Debug|Any CPU
		{13CF1E8D-D712-4031-8EEF-414534CC234E}.Debug|Mixed Platforms.Build.0 = Debug|Any CPU
		{13CF1E8D-D712-4031-8EEF-414534CC234E}.Debug|x86.ActiveCfg = Debug|Any CPU
		{13CF1E8D-D712-4031-8EEF-414534CC234E}.Release|Any CPU.ActiveCfg = Release|Any CPU
		{13CF1E8D-D712-4031-8EEF-414534CC234E}.Release|Any CPU.Build.0 = Release|Any CPU
		{13CF1E8D-D712-4031-8EEF-414534CC234E}.Release|Mixed Platforms.ActiveCfg = Release|Any CPU
		{13CF1E8D-D712-4031-8EEF-414534CC234E}.Release|Mixed Platforms.Build.0 = Release|Any CPU
		{13CF1E8D-D712-4031-8EEF-414534CC234E}.Release|x86.ActiveCfg = Release|Any CPU
		{3939EBF0-264F-480B-BFC4-25B21C8EEB1C}.DataStructures|Any CPU.ActiveCfg = DataStructures|x86
		{3939EBF0-264F-480B-BFC4-25B21C8EEB1C}.DataStructures|Mixed Platforms.ActiveCfg = DataStructures|x86
		{3939EBF0-264F-480B-BFC4-25B21C8EEB1C}.DataStructures|x86.ActiveCfg = DataStructures|x86
		{3939EBF0-264F-480B-BFC4-25B21C8EEB1C}.DataStructures|x86.Build.0 = DataStructures|x86
		{3939EBF0-264F-480B-BFC4-25B21C8EEB1C}.Debug|Any CPU.ActiveCfg = Debug|x86
		{3939EBF0-264F-480B-BFC4-25B21C8EEB1C}.Debug|Mixed Platforms.ActiveCfg = Debug|x86
		{3939EBF0-264F-480B-BFC4-25B21C8EEB1C}.Debug|Mixed Platforms.Build.0 = Debug|x86
		{3939EBF0-264F-480B-BFC4-25B21C8EEB1C}.Debug|x86.ActiveCfg = Debug|x86
		{3939EBF0-264F-480B-BFC4-25B21C8EEB1C}.Debug|x86.Build.0 = Debug|x86
		{3939EBF0-264F-480B-BFC4-25B21C8EEB1C}.Release|Any CPU.ActiveCfg = Release|x86
		{3939EBF0-264F-480B-BFC4-25B21C8EEB1C}.Release|Mixed Platforms.ActiveCfg = Release|x86
		{3939EBF0-264F-480B-BFC4-25B21C8EEB1C}.Release|Mixed Platforms.Build.0 = Release|x86
		{3939EBF0-264F-480B-BFC4-25B21C8EEB1C}.Release|x86.ActiveCfg = Release|x86
		{3939EBF0-264F-480B-BFC4-25B21C8EEB1C}.Release|x86.Build.0 = Release|x86
		{330FD61A-B9FE-4AA7-9595-F7BDAB3DDC44}.DataStructures|Any CPU.ActiveCfg = DataStructures|x86
		{330FD61A-B9FE-4AA7-9595-F7BDAB3DDC44}.DataStructures|Mixed Platforms.ActiveCfg = DataStructures|x86
		{330FD61A-B9FE-4AA7-9595-F7BDAB3DDC44}.DataStructures|x86.ActiveCfg = DataStructures|x86
		{330FD61A-B9FE-4AA7-9595-F7BDAB3DDC44}.DataStructures|x86.Build.0 = DataStructures|x86
		{330FD61A-B9FE-4AA7-9595-F7BDAB3DDC44}.Debug|Any CPU.ActiveCfg = Debug|x86
		{330FD61A-B9FE-4AA7-9595-F7BDAB3DDC44}.Debug|Mixed Platforms.ActiveCfg = Debug|x86
		{330FD61A-B9FE-4AA7-9595-F7BDAB3DDC44}.Debug|Mixed Platforms.Build.0 = Debug|x86
		{330FD61A-B9FE-4AA7-9595-F7BDAB3DDC44}.Debug|x86.ActiveCfg = Debug|x86
		{330FD61A-B9FE-4AA7-9595-F7BDAB3DDC44}.Debug|x86.Build.0 = Debug|x86
		{330FD61A-B9FE-4AA7-9595-F7BDAB3DDC44}.Release|Any CPU.ActiveCfg = Release|x86
		{330FD61A-B9FE-4AA7-9595-F7BDAB3DDC44}.Release|Mixed Platforms.ActiveCfg = Release|x86
		{330FD61A-B9FE-4AA7-9595-F7BDAB3DDC44}.Release|Mixed Platforms.Build.0 = Release|x86
		{330FD61A-B9FE-4AA7-9595-F7BDAB3DDC44}.Release|x86.ActiveCfg = Release|x86
		{330FD61A-B9FE-4AA7-9595-F7BDAB3DDC44}.Release|x86.Build.0 = Release|x86
		{C6835309-26A4-4718-931F-FD533E08E1D6}.DataStructures|Any CPU.ActiveCfg = DataStructures|Any CPU
		{C6835309-26A4-4718-931F-FD533E08E1D6}.DataStructures|Any CPU.Build.0 = DataStructures|Any CPU
		{C6835309-26A4-4718-931F-FD533E08E1D6}.DataStructures|Mixed Platforms.ActiveCfg = DataStructures|Any CPU
		{C6835309-26A4-4718-931F-FD533E08E1D6}.DataStructures|Mixed Platforms.Build.0 = DataStructures|Any CPU
		{C6835309-26A4-4718-931F-FD533E08E1D6}.DataStructures|x86.ActiveCfg = DataStructures|Any CPU
		{C6835309-26A4-4718-931F-FD533E08E1D6}.Debug|Any CPU.ActiveCfg = Debug|Any CPU
		{C6835309-26A4-4718-931F-FD533E08E1D6}.Debug|Any CPU.Build.0 = Debug|Any CPU
		{C6835309-26A4-4718-931F-FD533E08E1D6}.Debug|Mixed Platforms.ActiveCfg = Debug|Any CPU
		{C6835309-26A4-4718-931F-FD533E08E1D6}.Debug|Mixed Platforms.Build.0 = Debug|Any CPU
		{C6835309-26A4-4718-931F-FD533E08E1D6}.Debug|x86.ActiveCfg = Debug|Any CPU
		{C6835309-26A4-4718-931F-FD533E08E1D6}.Release|Any CPU.ActiveCfg = Release|Any CPU
		{C6835309-26A4-4718-931F-FD533E08E1D6}.Release|Any CPU.Build.0 = Release|Any CPU
		{C6835309-26A4-4718-931F-FD533E08E1D6}.Release|Mixed Platforms.ActiveCfg = Release|Any CPU
		{C6835309-26A4-4718-931F-FD533E08E1D6}.Release|Mixed Platforms.Build.0 = Release|Any CPU
		{C6835309-26A4-4718-931F-FD533E08E1D6}.Release|x86.ActiveCfg = Release|Any CPU
		{AD3C8E86-F4CF-426F-A31D-015056227777}.DataStructures|Any CPU.ActiveCfg = Debug|Any CPU
		{AD3C8E86-F4CF-426F-A31D-015056227777}.DataStructures|Any CPU.Build.0 = Debug|Any CPU
		{AD3C8E86-F4CF-426F-A31D-015056227777}.DataStructures|Mixed Platforms.ActiveCfg = Debug|Any CPU
		{AD3C8E86-F4CF-426F-A31D-015056227777}.DataStructures|Mixed Platforms.Build.0 = Debug|Any CPU
		{AD3C8E86-F4CF-426F-A31D-015056227777}.DataStructures|x86.ActiveCfg = Debug|Any CPU
		{AD3C8E86-F4CF-426F-A31D-015056227777}.Debug|Any CPU.ActiveCfg = Debug|Any CPU
		{AD3C8E86-F4CF-426F-A31D-015056227777}.Debug|Any CPU.Build.0 = Debug|Any CPU
		{AD3C8E86-F4CF-426F-A31D-015056227777}.Debug|Mixed Platforms.ActiveCfg = Debug|Any CPU
		{AD3C8E86-F4CF-426F-A31D-015056227777}.Debug|Mixed Platforms.Build.0 = Debug|Any CPU
		{AD3C8E86-F4CF-426F-A31D-015056227777}.Debug|x86.ActiveCfg = Debug|Any CPU
		{AD3C8E86-F4CF-426F-A31D-015056227777}.Release|Any CPU.ActiveCfg = Release|Any CPU
		{AD3C8E86-F4CF-426F-A31D-015056227777}.Release|Any CPU.Build.0 = Release|Any CPU
		{AD3C8E86-F4CF-426F-A31D-015056227777}.Release|Mixed Platforms.ActiveCfg = Release|Any CPU
		{AD3C8E86-F4CF-426F-A31D-015056227777}.Release|Mixed Platforms.Build.0 = Release|Any CPU
		{AD3C8E86-F4CF-426F-A31D-015056227777}.Release|x86.ActiveCfg = Release|Any CPU
		{4B763738-CF1A-4DEC-A888-7D3D15054231}.DataStructures|Any CPU.ActiveCfg = Debug|Any CPU
		{4B763738-CF1A-4DEC-A888-7D3D15054231}.DataStructures|Any CPU.Build.0 = Debug|Any CPU
		{4B763738-CF1A-4DEC-A888-7D3D15054231}.DataStructures|Mixed Platforms.ActiveCfg = Debug|Any CPU
		{4B763738-CF1A-4DEC-A888-7D3D15054231}.DataStructures|Mixed Platforms.Build.0 = Debug|Any CPU
		{4B763738-CF1A-4DEC-A888-7D3D15054231}.DataStructures|x86.ActiveCfg = Debug|Any CPU
		{4B763738-CF1A-4DEC-A888-7D3D15054231}.Debug|Any CPU.ActiveCfg = Debug|Any CPU
		{4B763738-CF1A-4DEC-A888-7D3D15054231}.Debug|Any CPU.Build.0 = Debug|Any CPU
		{4B763738-CF1A-4DEC-A888-7D3D15054231}.Debug|Mixed Platforms.ActiveCfg = Debug|Any CPU
		{4B763738-CF1A-4DEC-A888-7D3D15054231}.Debug|Mixed Platforms.Build.0 = Debug|Any CPU
		{4B763738-CF1A-4DEC-A888-7D3D15054231}.Debug|x86.ActiveCfg = Debug|Any CPU
		{4B763738-CF1A-4DEC-A888-7D3D15054231}.Release|Any CPU.ActiveCfg = Release|Any CPU
		{4B763738-CF1A-4DEC-A888-7D3D15054231}.Release|Any CPU.Build.0 = Release|Any CPU
		{4B763738-CF1A-4DEC-A888-7D3D15054231}.Release|Mixed Platforms.ActiveCfg = Release|Any CPU
		{4B763738-CF1A-4DEC-A888-7D3D15054231}.Release|Mixed Platforms.Build.0 = Release|Any CPU
		{4B763738-CF1A-4DEC-A888-7D3D15054231}.Release|x86.ActiveCfg = Release|Any CPU
		{B397365B-F6EF-4ABC-94F1-8F6EA900BF20}.DataStructures|Any CPU.ActiveCfg = Debug|Any CPU
		{B397365B-F6EF-4ABC-94F1-8F6EA900BF20}.DataStructures|Any CPU.Build.0 = Debug|Any CPU
		{B397365B-F6EF-4ABC-94F1-8F6EA900BF20}.DataStructures|Mixed Platforms.ActiveCfg = Debug|Any CPU
		{B397365B-F6EF-4ABC-94F1-8F6EA900BF20}.DataStructures|Mixed Platforms.Build.0 = Debug|Any CPU
		{B397365B-F6EF-4ABC-94F1-8F6EA900BF20}.DataStructures|x86.ActiveCfg = Debug|Any CPU
		{B397365B-F6EF-4ABC-94F1-8F6EA900BF20}.Debug|Any CPU.ActiveCfg = Debug|Any CPU
		{B397365B-F6EF-4ABC-94F1-8F6EA900BF20}.Debug|Any CPU.Build.0 = Debug|Any CPU
		{B397365B-F6EF-4ABC-94F1-8F6EA900BF20}.Debug|Mixed Platforms.ActiveCfg = Debug|Any CPU
		{B397365B-F6EF-4ABC-94F1-8F6EA900BF20}.Debug|Mixed Platforms.Build.0 = Debug|Any CPU
		{B397365B-F6EF-4ABC-94F1-8F6EA900BF20}.Debug|x86.ActiveCfg = Debug|Any CPU
		{B397365B-F6EF-4ABC-94F1-8F6EA900BF20}.Release|Any CPU.ActiveCfg = Release|Any CPU
		{B397365B-F6EF-4ABC-94F1-8F6EA900BF20}.Release|Any CPU.Build.0 = Release|Any CPU
		{B397365B-F6EF-4ABC-94F1-8F6EA900BF20}.Release|Mixed Platforms.ActiveCfg = Release|Any CPU
		{B397365B-F6EF-4ABC-94F1-8F6EA900BF20}.Release|Mixed Platforms.Build.0 = Release|Any CPU
		{B397365B-F6EF-4ABC-94F1-8F6EA900BF20}.Release|x86.ActiveCfg = Release|Any CPU
		{AD500A06-96ED-408C-9472-262CDC2A119B}.DataStructures|Any CPU.ActiveCfg = Debug|Any CPU
		{AD500A06-96ED-408C-9472-262CDC2A119B}.DataStructures|Any CPU.Build.0 = Debug|Any CPU
		{AD500A06-96ED-408C-9472-262CDC2A119B}.DataStructures|Mixed Platforms.ActiveCfg = Debug|Any CPU
		{AD500A06-96ED-408C-9472-262CDC2A119B}.DataStructures|Mixed Platforms.Build.0 = Debug|Any CPU
		{AD500A06-96ED-408C-9472-262CDC2A119B}.DataStructures|x86.ActiveCfg = Debug|Any CPU
		{AD500A06-96ED-408C-9472-262CDC2A119B}.Debug|Any CPU.ActiveCfg = Debug|Any CPU
		{AD500A06-96ED-408C-9472-262CDC2A119B}.Debug|Any CPU.Build.0 = Debug|Any CPU
		{AD500A06-96ED-408C-9472-262CDC2A119B}.Debug|Mixed Platforms.ActiveCfg = Debug|Any CPU
		{AD500A06-96ED-408C-9472-262CDC2A119B}.Debug|Mixed Platforms.Build.0 = Debug|Any CPU
		{AD500A06-96ED-408C-9472-262CDC2A119B}.Debug|x86.ActiveCfg = Debug|Any CPU
		{AD500A06-96ED-408C-9472-262CDC2A119B}.Release|Any CPU.ActiveCfg = Release|Any CPU
		{AD500A06-96ED-408C-9472-262CDC2A119B}.Release|Any CPU.Build.0 = Release|Any CPU
		{AD500A06-96ED-408C-9472-262CDC2A119B}.Release|Mixed Platforms.ActiveCfg = Release|Any CPU
		{AD500A06-96ED-408C-9472-262CDC2A119B}.Release|Mixed Platforms.Build.0 = Release|Any CPU
		{AD500A06-96ED-408C-9472-262CDC2A119B}.Release|x86.ActiveCfg = Release|Any CPU
		{65E077ED-F51A-42D7-8004-E90D60AF8B8F}.DataStructures|Any CPU.ActiveCfg = Debug|Any CPU
		{65E077ED-F51A-42D7-8004-E90D60AF8B8F}.DataStructures|Any CPU.Build.0 = Debug|Any CPU
		{65E077ED-F51A-42D7-8004-E90D60AF8B8F}.DataStructures|Mixed Platforms.ActiveCfg = Debug|Any CPU
		{65E077ED-F51A-42D7-8004-E90D60AF8B8F}.DataStructures|Mixed Platforms.Build.0 = Debug|Any CPU
		{65E077ED-F51A-42D7-8004-E90D60AF8B8F}.DataStructures|x86.ActiveCfg = Debug|Any CPU
		{65E077ED-F51A-42D7-8004-E90D60AF8B8F}.Debug|Any CPU.ActiveCfg = Debug|Any CPU
		{65E077ED-F51A-42D7-8004-E90D60AF8B8F}.Debug|Any CPU.Build.0 = Debug|Any CPU
		{65E077ED-F51A-42D7-8004-E90D60AF8B8F}.Debug|Mixed Platforms.ActiveCfg = Debug|Any CPU
		{65E077ED-F51A-42D7-8004-E90D60AF8B8F}.Debug|Mixed Platforms.Build.0 = Debug|Any CPU
		{65E077ED-F51A-42D7-8004-E90D60AF8B8F}.Debug|x86.ActiveCfg = Debug|Any CPU
		{65E077ED-F51A-42D7-8004-E90D60AF8B8F}.Release|Any CPU.ActiveCfg = Release|Any CPU
		{65E077ED-F51A-42D7-8004-E90D60AF8B8F}.Release|Any CPU.Build.0 = Release|Any CPU
		{65E077ED-F51A-42D7-8004-E90D60AF8B8F}.Release|Mixed Platforms.ActiveCfg = Release|Any CPU
		{65E077ED-F51A-42D7-8004-E90D60AF8B8F}.Release|Mixed Platforms.Build.0 = Release|Any CPU
		{65E077ED-F51A-42D7-8004-E90D60AF8B8F}.Release|x86.ActiveCfg = Release|Any CPU
		{FBE1E618-4F32-4305-95C0-B0FFBAD24EF7}.DataStructures|Any CPU.ActiveCfg = Debug|Any CPU
		{FBE1E618-4F32-4305-95C0-B0FFBAD24EF7}.DataStructures|Any CPU.Build.0 = Debug|Any CPU
		{FBE1E618-4F32-4305-95C0-B0FFBAD24EF7}.DataStructures|Mixed Platforms.ActiveCfg = Debug|Any CPU
		{FBE1E618-4F32-4305-95C0-B0FFBAD24EF7}.DataStructures|Mixed Platforms.Build.0 = Debug|Any CPU
		{FBE1E618-4F32-4305-95C0-B0FFBAD24EF7}.DataStructures|x86.ActiveCfg = Debug|Any CPU
		{FBE1E618-4F32-4305-95C0-B0FFBAD24EF7}.Debug|Any CPU.ActiveCfg = Debug|Any CPU
		{FBE1E618-4F32-4305-95C0-B0FFBAD24EF7}.Debug|Any CPU.Build.0 = Debug|Any CPU
		{FBE1E618-4F32-4305-95C0-B0FFBAD24EF7}.Debug|Mixed Platforms.ActiveCfg = Debug|Any CPU
		{FBE1E618-4F32-4305-95C0-B0FFBAD24EF7}.Debug|Mixed Platforms.Build.0 = Debug|Any CPU
		{FBE1E618-4F32-4305-95C0-B0FFBAD24EF7}.Debug|x86.ActiveCfg = Debug|Any CPU
		{FBE1E618-4F32-4305-95C0-B0FFBAD24EF7}.Release|Any CPU.ActiveCfg = Release|Any CPU
		{FBE1E618-4F32-4305-95C0-B0FFBAD24EF7}.Release|Any CPU.Build.0 = Release|Any CPU
		{FBE1E618-4F32-4305-95C0-B0FFBAD24EF7}.Release|Mixed Platforms.ActiveCfg = Release|Any CPU
		{FBE1E618-4F32-4305-95C0-B0FFBAD24EF7}.Release|Mixed Platforms.Build.0 = Release|Any CPU
		{FBE1E618-4F32-4305-95C0-B0FFBAD24EF7}.Release|x86.ActiveCfg = Release|Any CPU
	EndGlobalSection
	GlobalSection(SolutionProperties) = preSolution
		HideSolutionNode = FALSE
	EndGlobalSection
	GlobalSection(NestedProjects) = preSolution
		{41D22552-BAFB-47D5-B20A-D81E18C3C1E8} = {EFB3F0C2-10B4-4EF5-8FA7-CC39880067A1}
		{EC2F35C2-6DC7-437B-9BD1-44DC1B6F7136} = {EFB3F0C2-10B4-4EF5-8FA7-CC39880067A1}
		{3939EBF0-264F-480B-BFC4-25B21C8EEB1C} = {EFB3F0C2-10B4-4EF5-8FA7-CC39880067A1}
		{330FD61A-B9FE-4AA7-9595-F7BDAB3DDC44} = {EFB3F0C2-10B4-4EF5-8FA7-CC39880067A1}
		{C6835309-26A4-4718-931F-FD533E08E1D6} = {EFB3F0C2-10B4-4EF5-8FA7-CC39880067A1}
	EndGlobalSection
EndGlobal
