
Microsoft Visual Studio Solution File, Format Version 12.00
# Visual Studio 2013
VisualStudioVersion = 12.0.21005.1
MinimumVisualStudioVersion = 10.0.40219.1
Project("{F2A71F9B-5D33-465A-A702-920D77279786}") = "FSharpx.TypeProviders.Math.Tests", "tests\FSharpx.TypeProviders.Math.Tests\FSharpx.TypeProviders.Math.Tests.fsproj", "{BCCBD0E1-0F65-4FEB-A628-453A5373C79F}"
EndProject
Global
	GlobalSection(SolutionConfigurationPlatforms) = preSolution
		Debug|Any CPU = Debug|Any CPU
		Release|Any CPU = Release|Any CPU
	EndGlobalSection
	GlobalSection(ProjectConfigurationPlatforms) = postSolution
		{BCCBD0E1-0F65-4FEB-A628-453A5373C79F}.Debug|Any CPU.ActiveCfg = Debug|Any CPU
		{BCCBD0E1-0F65-4FEB-A628-453A5373C79F}.Debug|Any CPU.Build.0 = Debug|Any CPU
		{BCCBD0E1-0F65-4FEB-A628-453A5373C79F}.Release|Any CPU.ActiveCfg = Release|Any CPU
		{BCCBD0E1-0F65-4FEB-A628-453A5373C79F}.Release|Any CPU.Build.0 = Release|Any CPU
	EndGlobalSection
	GlobalSection(SolutionProperties) = preSolution
		HideSolutionNode = FALSE
	EndGlobalSection
EndGlobal
