
Microsoft Visual Studio Solution File, Format Version 12.00
# Visual Studio 2013
VisualStudioVersion = 12.0.31101.0
MinimumVisualStudioVersion = 10.0.40219.1
Project("{2150E333-8FDC-42A3-9474-1A3956D46DE8}") = ".paket", ".paket", "{50709973-279A-4DF0-AF26-8C7535C7C9AE}"
	ProjectSection(SolutionItems) = preProject
		paket.dependencies = paket.dependencies
	EndProjectSection
EndProject
Project("{2150E333-8FDC-42A3-9474-1A3956D46DE8}") = "Solution Items", "Solution Items", "{722621A6-FA45-4129-8B8D-94880DCD7971}"
	ProjectSection(SolutionItems) = preProject
		build.fsx = build.fsx
		src\FSharpx.Extras\FSharpx.Extras.paket.template = src\FSharpx.Extras\FSharpx.Extras.paket.template
		src\FSharpx.Text.StructuredFormat\FSharpx.Text.StructuredFormat.paket.template = src\FSharpx.Text.StructuredFormat\FSharpx.Text.StructuredFormat.paket.template
		docs\tools\generate.fsx = docs\tools\generate.fsx
		docs\content\index.fsx = docs\content\index.fsx
		LICENSE.md = LICENSE.md
		README.md = README.md
	EndProjectSection
EndProject
Project("{F2A71F9B-5D33-465A-A702-920D77279786}") = "FSharpx.Tests", "tests\FSharpx.Tests\FSharpx.Tests.fsproj", "{26D9D3EE-E882-43E6-A79E-5D1D89E92C4F}"
EndProject
Project("{FAE04EC0-301F-11D3-BF4B-00C04F79EFBC}") = "FSharpx.CSharpTests", "tests\FSharpx.CSharpTests\FSharpx.CSharpTests.csproj", "{4354A199-6ACF-4DB5-A8FA-BAD638D1D0E3}"
EndProject
Project("{F2A71F9B-5D33-465A-A702-920D77279786}") = "FSharpx.Extras", "src\FSharpx.Extras\FSharpx.Extras.fsproj", "{1E95A279-C2A9-498B-BC72-6E7A0D6854CE}"
EndProject
Project("{2150E333-8FDC-42A3-9474-1A3956D46DE8}") = "Samples", "Samples", "{EFB3F0C2-10B4-4EF5-8FA7-CC39880067A1}"
	ProjectSection(SolutionItems) = preProject
		docs\content\AsyncFileExtensions.fsx = docs\content\AsyncFileExtensions.fsx
		docs\content\AsyncSeqObservable.fsx = docs\content\AsyncSeqObservable.fsx
		docs\content\AutoCancel.fsx = docs\content\AutoCancel.fsx
		docs\content\BatchProcessing.fsx = docs\content\BatchProcessing.fsx
		docs\content\BlockingQueue.fsx = docs\content\BlockingQueue.fsx
		docs\content\Caching.fsx = docs\content\Caching.fsx
		docs\content\ChatServer.fsx = docs\content\ChatServer.fsx
		docs\content\CircularBuffer.fsx = docs\content\CircularBuffer.fsx
		docs\content\Crawler.fsx = docs\content\Crawler.fsx
		docs\content\DiningPhilosophers.fsx = docs\content\DiningPhilosophers.fsx
		docs\content\MouseFollow.fsx = docs\content\MouseFollow.fsx
		docs\content\Santa.fsx = docs\content\Santa.fsx
		docs\content\StmSample.fsx = docs\content\StmSample.fsx
		docs\content\StockStream.fsx = docs\content\StockStream.fsx
		docs\content\UndoSample.fsx = docs\content\UndoSample.fsx
		docs\content\WebProxy.fsx = docs\content\WebProxy.fsx
	EndProjectSection
EndProject
Project("{F2A71F9B-5D33-465A-A702-920D77279786}") = "FSharpx.Extras.Tests", "FSharpx.Extras.Tests\FSharpx.Extras.Tests.fsproj", "{AD500A06-96ED-408C-9472-262CDC2A119B}"
EndProject
Project("{F2A71F9B-5D33-465A-A702-920D77279786}") = "FSharpx.Text.StructuredFormat", "src\FSharpx.Text.StructuredFormat\FSharpx.Text.StructuredFormat.fsproj", "{65E077ED-F51A-42D7-8004-E90D60AF8B8F}"
EndProject
Global
	GlobalSection(SolutionConfigurationPlatforms) = preSolution
		DataStructures|Any CPU = DataStructures|Any CPU
		DataStructures|Mixed Platforms = DataStructures|Mixed Platforms
		DataStructures|x86 = DataStructures|x86
		Debug|Any CPU = Debug|Any CPU
		Debug|Mixed Platforms = Debug|Mixed Platforms
		Debug|x86 = Debug|x86
		Release|Any CPU = Release|Any CPU
		Release|Mixed Platforms = Release|Mixed Platforms
		Release|x86 = Release|x86
	EndGlobalSection
	GlobalSection(ProjectConfigurationPlatforms) = postSolution
		{26D9D3EE-E882-43E6-A79E-5D1D89E92C4F}.DataStructures|Any CPU.ActiveCfg = Debug|Any CPU
		{26D9D3EE-E882-43E6-A79E-5D1D89E92C4F}.DataStructures|Any CPU.Build.0 = Debug|Any CPU
		{26D9D3EE-E882-43E6-A79E-5D1D89E92C4F}.DataStructures|Mixed Platforms.ActiveCfg = Debug|Any CPU
		{26D9D3EE-E882-43E6-A79E-5D1D89E92C4F}.DataStructures|Mixed Platforms.Build.0 = Debug|Any CPU
		{26D9D3EE-E882-43E6-A79E-5D1D89E92C4F}.DataStructures|x86.ActiveCfg = Debug|Any CPU
		{26D9D3EE-E882-43E6-A79E-5D1D89E92C4F}.Debug|Any CPU.ActiveCfg = Debug|Any CPU
		{26D9D3EE-E882-43E6-A79E-5D1D89E92C4F}.Debug|Any CPU.Build.0 = Debug|Any CPU
		{26D9D3EE-E882-43E6-A79E-5D1D89E92C4F}.Debug|Mixed Platforms.ActiveCfg = Debug|Any CPU
		{26D9D3EE-E882-43E6-A79E-5D1D89E92C4F}.Debug|Mixed Platforms.Build.0 = Debug|Any CPU
		{26D9D3EE-E882-43E6-A79E-5D1D89E92C4F}.Debug|x86.ActiveCfg = Debug|Any CPU
		{26D9D3EE-E882-43E6-A79E-5D1D89E92C4F}.Release|Any CPU.ActiveCfg = Release|Any CPU
		{26D9D3EE-E882-43E6-A79E-5D1D89E92C4F}.Release|Any CPU.Build.0 = Release|Any CPU
		{26D9D3EE-E882-43E6-A79E-5D1D89E92C4F}.Release|Mixed Platforms.ActiveCfg = Release|Any CPU
		{26D9D3EE-E882-43E6-A79E-5D1D89E92C4F}.Release|Mixed Platforms.Build.0 = Release|Any CPU
		{26D9D3EE-E882-43E6-A79E-5D1D89E92C4F}.Release|x86.ActiveCfg = Release|Any CPU
		{4354A199-6ACF-4DB5-A8FA-BAD638D1D0E3}.DataStructures|Any CPU.ActiveCfg = DataStructures|Any CPU
		{4354A199-6ACF-4DB5-A8FA-BAD638D1D0E3}.DataStructures|Any CPU.Build.0 = DataStructures|Any CPU
		{4354A199-6ACF-4DB5-A8FA-BAD638D1D0E3}.DataStructures|Mixed Platforms.ActiveCfg = DataStructures|Any CPU
		{4354A199-6ACF-4DB5-A8FA-BAD638D1D0E3}.DataStructures|Mixed Platforms.Build.0 = DataStructures|Any CPU
		{4354A199-6ACF-4DB5-A8FA-BAD638D1D0E3}.DataStructures|x86.ActiveCfg = DataStructures|Any CPU
		{4354A199-6ACF-4DB5-A8FA-BAD638D1D0E3}.Debug|Any CPU.ActiveCfg = Debug|Any CPU
		{4354A199-6ACF-4DB5-A8FA-BAD638D1D0E3}.Debug|Any CPU.Build.0 = Debug|Any CPU
		{4354A199-6ACF-4DB5-A8FA-BAD638D1D0E3}.Debug|Mixed Platforms.ActiveCfg = Debug|Any CPU
		{4354A199-6ACF-4DB5-A8FA-BAD638D1D0E3}.Debug|Mixed Platforms.Build.0 = Debug|Any CPU
		{4354A199-6ACF-4DB5-A8FA-BAD638D1D0E3}.Debug|x86.ActiveCfg = Debug|Any CPU
		{4354A199-6ACF-4DB5-A8FA-BAD638D1D0E3}.Release|Any CPU.ActiveCfg = Release|Any CPU
		{4354A199-6ACF-4DB5-A8FA-BAD638D1D0E3}.Release|Any CPU.Build.0 = Release|Any CPU
		{4354A199-6ACF-4DB5-A8FA-BAD638D1D0E3}.Release|Mixed Platforms.ActiveCfg = Release|Any CPU
		{4354A199-6ACF-4DB5-A8FA-BAD638D1D0E3}.Release|Mixed Platforms.Build.0 = Release|Any CPU
		{4354A199-6ACF-4DB5-A8FA-BAD638D1D0E3}.Release|x86.ActiveCfg = Release|Any CPU
		{1E95A279-C2A9-498B-BC72-6E7A0D6854CE}.DataStructures|Any CPU.ActiveCfg = Debug|Any CPU
		{1E95A279-C2A9-498B-BC72-6E7A0D6854CE}.DataStructures|Any CPU.Build.0 = Debug|Any CPU
		{1E95A279-C2A9-498B-BC72-6E7A0D6854CE}.DataStructures|Mixed Platforms.ActiveCfg = Debug|Any CPU
		{1E95A279-C2A9-498B-BC72-6E7A0D6854CE}.DataStructures|Mixed Platforms.Build.0 = Debug|Any CPU
		{1E95A279-C2A9-498B-BC72-6E7A0D6854CE}.DataStructures|x86.ActiveCfg = Debug|Any CPU
		{1E95A279-C2A9-498B-BC72-6E7A0D6854CE}.Debug|Any CPU.ActiveCfg = Debug|Any CPU
		{1E95A279-C2A9-498B-BC72-6E7A0D6854CE}.Debug|Any CPU.Build.0 = Debug|Any CPU
		{1E95A279-C2A9-498B-BC72-6E7A0D6854CE}.Debug|Mixed Platforms.ActiveCfg = Debug|Any CPU
		{1E95A279-C2A9-498B-BC72-6E7A0D6854CE}.Debug|Mixed Platforms.Build.0 = Debug|Any CPU
		{1E95A279-C2A9-498B-BC72-6E7A0D6854CE}.Debug|x86.ActiveCfg = Debug|Any CPU
		{1E95A279-C2A9-498B-BC72-6E7A0D6854CE}.Release|Any CPU.ActiveCfg = Release|Any CPU
		{1E95A279-C2A9-498B-BC72-6E7A0D6854CE}.Release|Any CPU.Build.0 = Release|Any CPU
		{1E95A279-C2A9-498B-BC72-6E7A0D6854CE}.Release|Mixed Platforms.ActiveCfg = Release|Any CPU
		{1E95A279-C2A9-498B-BC72-6E7A0D6854CE}.Release|Mixed Platforms.Build.0 = Release|Any CPU
		{1E95A279-C2A9-498B-BC72-6E7A0D6854CE}.Release|x86.ActiveCfg = Release|Any CPU
		{AD500A06-96ED-408C-9472-262CDC2A119B}.DataStructures|Any CPU.ActiveCfg = Debug|Any CPU
		{AD500A06-96ED-408C-9472-262CDC2A119B}.DataStructures|Any CPU.Build.0 = Debug|Any CPU
		{AD500A06-96ED-408C-9472-262CDC2A119B}.DataStructures|Mixed Platforms.ActiveCfg = Debug|Any CPU
		{AD500A06-96ED-408C-9472-262CDC2A119B}.DataStructures|Mixed Platforms.Build.0 = Debug|Any CPU
		{AD500A06-96ED-408C-9472-262CDC2A119B}.DataStructures|x86.ActiveCfg = Debug|Any CPU
		{AD500A06-96ED-408C-9472-262CDC2A119B}.Debug|Any CPU.ActiveCfg = Debug|Any CPU
		{AD500A06-96ED-408C-9472-262CDC2A119B}.Debug|Any CPU.Build.0 = Debug|Any CPU
		{AD500A06-96ED-408C-9472-262CDC2A119B}.Debug|Mixed Platforms.ActiveCfg = Debug|Any CPU
		{AD500A06-96ED-408C-9472-262CDC2A119B}.Debug|Mixed Platforms.Build.0 = Debug|Any CPU
		{AD500A06-96ED-408C-9472-262CDC2A119B}.Debug|x86.ActiveCfg = Debug|Any CPU
		{AD500A06-96ED-408C-9472-262CDC2A119B}.Release|Any CPU.ActiveCfg = Release|Any CPU
		{AD500A06-96ED-408C-9472-262CDC2A119B}.Release|Any CPU.Build.0 = Release|Any CPU
		{AD500A06-96ED-408C-9472-262CDC2A119B}.Release|Mixed Platforms.ActiveCfg = Release|Any CPU
		{AD500A06-96ED-408C-9472-262CDC2A119B}.Release|Mixed Platforms.Build.0 = Release|Any CPU
		{AD500A06-96ED-408C-9472-262CDC2A119B}.Release|x86.ActiveCfg = Release|Any CPU
		{65E077ED-F51A-42D7-8004-E90D60AF8B8F}.DataStructures|Any CPU.ActiveCfg = Debug|Any CPU
		{65E077ED-F51A-42D7-8004-E90D60AF8B8F}.DataStructures|Any CPU.Build.0 = Debug|Any CPU
		{65E077ED-F51A-42D7-8004-E90D60AF8B8F}.DataStructures|Mixed Platforms.ActiveCfg = Debug|Any CPU
		{65E077ED-F51A-42D7-8004-E90D60AF8B8F}.DataStructures|Mixed Platforms.Build.0 = Debug|Any CPU
		{65E077ED-F51A-42D7-8004-E90D60AF8B8F}.DataStructures|x86.ActiveCfg = Debug|Any CPU
		{65E077ED-F51A-42D7-8004-E90D60AF8B8F}.Debug|Any CPU.ActiveCfg = Debug|Any CPU
		{65E077ED-F51A-42D7-8004-E90D60AF8B8F}.Debug|Any CPU.Build.0 = Debug|Any CPU
		{65E077ED-F51A-42D7-8004-E90D60AF8B8F}.Debug|Mixed Platforms.ActiveCfg = Debug|Any CPU
		{65E077ED-F51A-42D7-8004-E90D60AF8B8F}.Debug|Mixed Platforms.Build.0 = Debug|Any CPU
		{65E077ED-F51A-42D7-8004-E90D60AF8B8F}.Debug|x86.ActiveCfg = Debug|Any CPU
		{65E077ED-F51A-42D7-8004-E90D60AF8B8F}.Release|Any CPU.ActiveCfg = Release|Any CPU
		{65E077ED-F51A-42D7-8004-E90D60AF8B8F}.Release|Any CPU.Build.0 = Release|Any CPU
		{65E077ED-F51A-42D7-8004-E90D60AF8B8F}.Release|Mixed Platforms.ActiveCfg = Release|Any CPU
		{65E077ED-F51A-42D7-8004-E90D60AF8B8F}.Release|Mixed Platforms.Build.0 = Release|Any CPU
		{65E077ED-F51A-42D7-8004-E90D60AF8B8F}.Release|x86.ActiveCfg = Release|Any CPU
	EndGlobalSection
	GlobalSection(SolutionProperties) = preSolution
		HideSolutionNode = FALSE
	EndGlobalSection
EndGlobal
