Microsoft Visual Studio Solution File, Format Version 11.00
# Visual Studio 2010
Project("{2150E333-8FDC-42A3-9474-1A3956D46DE8}") = "Solution Items", "Solution Items", "{722621A6-FA45-4129-8B8D-94880DCD7971}"
	ProjectSection(SolutionItems) = preProject
		build.bat = build.bat
		build.fsx = build.fsx
		FSharpx.Core.nuspec = FSharpx.Core.nuspec
		LICENSE.md = LICENSE.md
		README.md = README.md
	EndProjectSection
EndProject
Project("{F2A71F9B-5D33-465A-A702-920D77279786}") = "FSharpx.Tests", "tests\FSharpx.Tests\FSharpx.Tests.fsproj", "{26D9D3EE-E882-43E6-A79E-5D1D89E92C4F}"
EndProject
Project("{FAE04EC0-301F-11D3-BF4B-00C04F79EFBC}") = "FSharpx.CSharpTests", "tests\FSharpx.CSharpTests\FSharpx.CSharpTests.csproj", "{4354A199-6ACF-4DB5-A8FA-BAD638D1D0E3}"
EndProject
Project("{F2A71F9B-5D33-465A-A702-920D77279786}") = "FSharpx.Core", "src\FSharpx.Core\FSharpx.Core.fsproj", "{1E95A279-C2A9-498B-BC72-6E7A0D6854CE}"
EndProject
Project("{F2A71F9B-5D33-465A-A702-920D77279786}") = "FSharpx.TypeProviders", "src\FSharpx.TypeProviders\FSharpx.TypeProviders.fsproj", "{72613558-B230-43F0-84D7-584030BF5316}"
EndProject
Project("{F2A71F9B-5D33-465A-A702-920D77279786}") = "FSharpx.TypeProviders.Tests", "tests\FSharpx.TypeProviders.Tests\FSharpx.TypeProviders.Tests.fsproj", "{7B3C99B0-E1B6-4BD8-81BC-3F62300A363F}"
EndProject
Project("{2150E333-8FDC-42A3-9474-1A3956D46DE8}") = "Samples", "Samples", "{EFB3F0C2-10B4-4EF5-8FA7-CC39880067A1}"
	ProjectSection(SolutionItems) = preProject
		samples\AsyncSeqObservable.fsx = samples\AsyncSeqObservable.fsx
		samples\AutoCancel.fsx = samples\AutoCancel.fsx
		samples\BatchProcessing.fsx = samples\BatchProcessing.fsx
		samples\BlockingQueue.fsx = samples\BlockingQueue.fsx
		samples\Caching.fsx = samples\Caching.fsx
		samples\ChatServer.fsx = samples\ChatServer.fsx
		samples\Crawler.fsx = samples\Crawler.fsx
		samples\IterateeSample.fsx = samples\IterateeSample.fsx
		samples\MouseFollow.fsx = samples\MouseFollow.fsx
		samples\StockStream.fsx = samples\StockStream.fsx
		samples\WebProxy.fsx = samples\WebProxy.fsx
	EndProjectSection
EndProject
Project("{F2A71F9B-5D33-465A-A702-920D77279786}") = "FSharp.AsyncExtensions", "src\FSharpx.Async\FSharpx.Async.fsproj", "{EDE1812B-5A62-410A-9553-02499CF29317}"
EndProject
Project("{2150E333-8FDC-42A3-9474-1A3956D46DE8}") = "Stm", "Stm", "{6392A890-AE72-4BFB-B1EE-B1E5CBAAFB06}"
EndProject
Project("{F2A71F9B-5D33-465A-A702-920D77279786}") = "FSharpx.Stm", "src\FSharpx.Stm\FSharpx.Stm.fsproj", "{FFDBAF72-7F9F-4DE0-A8F3-83D0D21EBEB5}"
EndProject
Project("{F2A71F9B-5D33-465A-A702-920D77279786}") = "Santa", "samples\Santa\Santa.fsproj", "{41D22552-BAFB-47D5-B20A-D81E18C3C1E8}"
EndProject
Project("{FAE04EC0-301F-11D3-BF4B-00C04F79EFBC}") = "FSharpx.Stm.Core", "src\FSharpx.Stm\FSharpx.Stm.Core.csproj", "{7C2F2110-6E08-42C6-93EF-5A1C90C78616}"
EndProject
Project("{F2A71F9B-5D33-465A-A702-920D77279786}") = "FSharpx.Http", "src\FSharpx.Http\FSharpx.Http.fsproj", "{60F3BB81-5449-45DD-A217-B6045327680C}"
EndProject
Project("{F2A71F9B-5D33-465A-A702-920D77279786}") = "FSharpx.Http.Tests", "tests\FSharpx.Http.Tests\FSharpx.Http.Tests.fsproj", "{3D1FCA4C-757E-4AD0-9E4B-4101C8AFCCA4}"
EndProject
Global
	GlobalSection(SolutionConfigurationPlatforms) = preSolution
		Debug|Any CPU = Debug|Any CPU
		Debug|Mixed Platforms = Debug|Mixed Platforms
		Debug|x86 = Debug|x86
		Release|Any CPU = Release|Any CPU
		Release|Mixed Platforms = Release|Mixed Platforms
		Release|x86 = Release|x86
	EndGlobalSection
	GlobalSection(ProjectConfigurationPlatforms) = postSolution
		{26D9D3EE-E882-43E6-A79E-5D1D89E92C4F}.Debug|Any CPU.ActiveCfg = Debug|Any CPU
		{26D9D3EE-E882-43E6-A79E-5D1D89E92C4F}.Debug|Any CPU.Build.0 = Debug|Any CPU
		{26D9D3EE-E882-43E6-A79E-5D1D89E92C4F}.Debug|Mixed Platforms.ActiveCfg = Debug|Any CPU
		{26D9D3EE-E882-43E6-A79E-5D1D89E92C4F}.Debug|Mixed Platforms.Build.0 = Debug|Any CPU
		{26D9D3EE-E882-43E6-A79E-5D1D89E92C4F}.Debug|x86.ActiveCfg = Debug|Any CPU
		{26D9D3EE-E882-43E6-A79E-5D1D89E92C4F}.Release|Any CPU.ActiveCfg = Release|Any CPU
		{26D9D3EE-E882-43E6-A79E-5D1D89E92C4F}.Release|Any CPU.Build.0 = Release|Any CPU
		{26D9D3EE-E882-43E6-A79E-5D1D89E92C4F}.Release|Mixed Platforms.ActiveCfg = Release|Any CPU
		{26D9D3EE-E882-43E6-A79E-5D1D89E92C4F}.Release|Mixed Platforms.Build.0 = Release|Any CPU
		{26D9D3EE-E882-43E6-A79E-5D1D89E92C4F}.Release|x86.ActiveCfg = Release|Any CPU
		{4354A199-6ACF-4DB5-A8FA-BAD638D1D0E3}.Debug|Any CPU.ActiveCfg = Debug|Any CPU
		{4354A199-6ACF-4DB5-A8FA-BAD638D1D0E3}.Debug|Any CPU.Build.0 = Debug|Any CPU
		{4354A199-6ACF-4DB5-A8FA-BAD638D1D0E3}.Debug|Mixed Platforms.ActiveCfg = Debug|Any CPU
		{4354A199-6ACF-4DB5-A8FA-BAD638D1D0E3}.Debug|Mixed Platforms.Build.0 = Debug|Any CPU
		{4354A199-6ACF-4DB5-A8FA-BAD638D1D0E3}.Debug|x86.ActiveCfg = Debug|Any CPU
		{4354A199-6ACF-4DB5-A8FA-BAD638D1D0E3}.Release|Any CPU.ActiveCfg = Release|Any CPU
		{4354A199-6ACF-4DB5-A8FA-BAD638D1D0E3}.Release|Any CPU.Build.0 = Release|Any CPU
		{4354A199-6ACF-4DB5-A8FA-BAD638D1D0E3}.Release|Mixed Platforms.ActiveCfg = Release|Any CPU
		{4354A199-6ACF-4DB5-A8FA-BAD638D1D0E3}.Release|x86.ActiveCfg = Release|Any CPU
		{1E95A279-C2A9-498B-BC72-6E7A0D6854CE}.Debug|Any CPU.ActiveCfg = Debug|Any CPU
		{1E95A279-C2A9-498B-BC72-6E7A0D6854CE}.Debug|Any CPU.Build.0 = Debug|Any CPU
		{1E95A279-C2A9-498B-BC72-6E7A0D6854CE}.Debug|Mixed Platforms.ActiveCfg = Debug|Any CPU
		{1E95A279-C2A9-498B-BC72-6E7A0D6854CE}.Debug|Mixed Platforms.Build.0 = Debug|Any CPU
		{1E95A279-C2A9-498B-BC72-6E7A0D6854CE}.Debug|x86.ActiveCfg = Debug|Any CPU
		{1E95A279-C2A9-498B-BC72-6E7A0D6854CE}.Release|Any CPU.ActiveCfg = Release|Any CPU
		{1E95A279-C2A9-498B-BC72-6E7A0D6854CE}.Release|Any CPU.Build.0 = Release|Any CPU
		{1E95A279-C2A9-498B-BC72-6E7A0D6854CE}.Release|Mixed Platforms.ActiveCfg = Release|Any CPU
		{1E95A279-C2A9-498B-BC72-6E7A0D6854CE}.Release|x86.ActiveCfg = Release|Any CPU
		{72613558-B230-43F0-84D7-584030BF5316}.Debug|Any CPU.ActiveCfg = Debug|Any CPU
		{72613558-B230-43F0-84D7-584030BF5316}.Debug|Any CPU.Build.0 = Debug|Any CPU
		{72613558-B230-43F0-84D7-584030BF5316}.Debug|Mixed Platforms.ActiveCfg = Debug|Any CPU
		{72613558-B230-43F0-84D7-584030BF5316}.Debug|Mixed Platforms.Build.0 = Debug|Any CPU
		{72613558-B230-43F0-84D7-584030BF5316}.Debug|x86.ActiveCfg = Debug|Any CPU
		{72613558-B230-43F0-84D7-584030BF5316}.Release|Any CPU.ActiveCfg = Release|Any CPU
		{72613558-B230-43F0-84D7-584030BF5316}.Release|Any CPU.Build.0 = Release|Any CPU
		{72613558-B230-43F0-84D7-584030BF5316}.Release|Mixed Platforms.ActiveCfg = Release|Any CPU
		{72613558-B230-43F0-84D7-584030BF5316}.Release|x86.ActiveCfg = Release|Any CPU
		{7B3C99B0-E1B6-4BD8-81BC-3F62300A363F}.Debug|Any CPU.ActiveCfg = Debug|Any CPU
		{7B3C99B0-E1B6-4BD8-81BC-3F62300A363F}.Debug|Any CPU.Build.0 = Debug|Any CPU
		{7B3C99B0-E1B6-4BD8-81BC-3F62300A363F}.Debug|Mixed Platforms.ActiveCfg = Debug|Any CPU
		{7B3C99B0-E1B6-4BD8-81BC-3F62300A363F}.Debug|Mixed Platforms.Build.0 = Debug|Any CPU
		{7B3C99B0-E1B6-4BD8-81BC-3F62300A363F}.Debug|x86.ActiveCfg = Debug|Any CPU
		{7B3C99B0-E1B6-4BD8-81BC-3F62300A363F}.Release|Any CPU.ActiveCfg = Release|Any CPU
		{7B3C99B0-E1B6-4BD8-81BC-3F62300A363F}.Release|Any CPU.Build.0 = Release|Any CPU
		{7B3C99B0-E1B6-4BD8-81BC-3F62300A363F}.Release|Mixed Platforms.ActiveCfg = Release|Any CPU
		{7B3C99B0-E1B6-4BD8-81BC-3F62300A363F}.Release|x86.ActiveCfg = Release|Any CPU
		{EDE1812B-5A62-410A-9553-02499CF29317}.Debug|Any CPU.ActiveCfg = Debug|Any CPU
		{EDE1812B-5A62-410A-9553-02499CF29317}.Debug|Any CPU.Build.0 = Debug|Any CPU
		{EDE1812B-5A62-410A-9553-02499CF29317}.Debug|Mixed Platforms.ActiveCfg = Debug|Any CPU
		{EDE1812B-5A62-410A-9553-02499CF29317}.Debug|Mixed Platforms.Build.0 = Debug|Any CPU
		{EDE1812B-5A62-410A-9553-02499CF29317}.Debug|x86.ActiveCfg = Debug|Any CPU
		{EDE1812B-5A62-410A-9553-02499CF29317}.Release|Any CPU.ActiveCfg = Release|Any CPU
		{EDE1812B-5A62-410A-9553-02499CF29317}.Release|Any CPU.Build.0 = Release|Any CPU
		{EDE1812B-5A62-410A-9553-02499CF29317}.Release|Mixed Platforms.ActiveCfg = Release|Any CPU
		{EDE1812B-5A62-410A-9553-02499CF29317}.Release|Mixed Platforms.Build.0 = Release|Any CPU
		{EDE1812B-5A62-410A-9553-02499CF29317}.Release|x86.ActiveCfg = Release|Any CPU
		{FFDBAF72-7F9F-4DE0-A8F3-83D0D21EBEB5}.Debug|Any CPU.ActiveCfg = Debug|Any CPU
		{FFDBAF72-7F9F-4DE0-A8F3-83D0D21EBEB5}.Debug|Any CPU.Build.0 = Debug|Any CPU
		{FFDBAF72-7F9F-4DE0-A8F3-83D0D21EBEB5}.Debug|Mixed Platforms.ActiveCfg = Debug|Any CPU
		{FFDBAF72-7F9F-4DE0-A8F3-83D0D21EBEB5}.Debug|Mixed Platforms.Build.0 = Debug|Any CPU
		{FFDBAF72-7F9F-4DE0-A8F3-83D0D21EBEB5}.Debug|x86.ActiveCfg = Debug|Any CPU
		{FFDBAF72-7F9F-4DE0-A8F3-83D0D21EBEB5}.Release|Any CPU.ActiveCfg = Release|Any CPU
		{FFDBAF72-7F9F-4DE0-A8F3-83D0D21EBEB5}.Release|Any CPU.Build.0 = Release|Any CPU
		{FFDBAF72-7F9F-4DE0-A8F3-83D0D21EBEB5}.Release|Mixed Platforms.ActiveCfg = Release|Any CPU
		{FFDBAF72-7F9F-4DE0-A8F3-83D0D21EBEB5}.Release|Mixed Platforms.Build.0 = Release|Any CPU
		{FFDBAF72-7F9F-4DE0-A8F3-83D0D21EBEB5}.Release|x86.ActiveCfg = Release|Any CPU
		{41D22552-BAFB-47D5-B20A-D81E18C3C1E8}.Debug|Any CPU.ActiveCfg = Debug|x86
		{41D22552-BAFB-47D5-B20A-D81E18C3C1E8}.Debug|Mixed Platforms.ActiveCfg = Debug|x86
		{41D22552-BAFB-47D5-B20A-D81E18C3C1E8}.Debug|Mixed Platforms.Build.0 = Debug|x86
		{41D22552-BAFB-47D5-B20A-D81E18C3C1E8}.Debug|x86.ActiveCfg = Debug|x86
		{41D22552-BAFB-47D5-B20A-D81E18C3C1E8}.Debug|x86.Build.0 = Debug|x86
		{41D22552-BAFB-47D5-B20A-D81E18C3C1E8}.Release|Any CPU.ActiveCfg = Release|x86
		{41D22552-BAFB-47D5-B20A-D81E18C3C1E8}.Release|Mixed Platforms.ActiveCfg = Release|x86
		{41D22552-BAFB-47D5-B20A-D81E18C3C1E8}.Release|Mixed Platforms.Build.0 = Release|x86
		{41D22552-BAFB-47D5-B20A-D81E18C3C1E8}.Release|x86.ActiveCfg = Release|x86
		{41D22552-BAFB-47D5-B20A-D81E18C3C1E8}.Release|x86.Build.0 = Release|x86
		{7C2F2110-6E08-42C6-93EF-5A1C90C78616}.Debug|Any CPU.ActiveCfg = Debug|Any CPU
		{7C2F2110-6E08-42C6-93EF-5A1C90C78616}.Debug|Any CPU.Build.0 = Debug|Any CPU
		{7C2F2110-6E08-42C6-93EF-5A1C90C78616}.Debug|Mixed Platforms.ActiveCfg = Debug|Any CPU
		{7C2F2110-6E08-42C6-93EF-5A1C90C78616}.Debug|Mixed Platforms.Build.0 = Debug|Any CPU
		{7C2F2110-6E08-42C6-93EF-5A1C90C78616}.Debug|x86.ActiveCfg = Debug|Any CPU
		{7C2F2110-6E08-42C6-93EF-5A1C90C78616}.Release|Any CPU.ActiveCfg = Release|Any CPU
		{7C2F2110-6E08-42C6-93EF-5A1C90C78616}.Release|Any CPU.Build.0 = Release|Any CPU
		{7C2F2110-6E08-42C6-93EF-5A1C90C78616}.Release|Mixed Platforms.ActiveCfg = Release|Any CPU
		{7C2F2110-6E08-42C6-93EF-5A1C90C78616}.Release|Mixed Platforms.Build.0 = Release|Any CPU
		{7C2F2110-6E08-42C6-93EF-5A1C90C78616}.Release|x86.ActiveCfg = Release|Any CPU
		{60F3BB81-5449-45DD-A217-B6045327680C}.Debug|Any CPU.ActiveCfg = Debug|Any CPU
		{60F3BB81-5449-45DD-A217-B6045327680C}.Debug|Any CPU.Build.0 = Debug|Any CPU
		{60F3BB81-5449-45DD-A217-B6045327680C}.Debug|Mixed Platforms.ActiveCfg = Debug|Any CPU
		{60F3BB81-5449-45DD-A217-B6045327680C}.Debug|Mixed Platforms.Build.0 = Debug|Any CPU
		{60F3BB81-5449-45DD-A217-B6045327680C}.Debug|x86.ActiveCfg = Debug|Any CPU
		{60F3BB81-5449-45DD-A217-B6045327680C}.Release|Any CPU.ActiveCfg = Release|Any CPU
		{60F3BB81-5449-45DD-A217-B6045327680C}.Release|Any CPU.Build.0 = Release|Any CPU
		{60F3BB81-5449-45DD-A217-B6045327680C}.Release|Mixed Platforms.ActiveCfg = Release|Any CPU
		{60F3BB81-5449-45DD-A217-B6045327680C}.Release|Mixed Platforms.Build.0 = Release|Any CPU
		{60F3BB81-5449-45DD-A217-B6045327680C}.Release|x86.ActiveCfg = Release|Any CPU
		{3D1FCA4C-757E-4AD0-9E4B-4101C8AFCCA4}.Debug|Any CPU.ActiveCfg = Debug|Any CPU
		{3D1FCA4C-757E-4AD0-9E4B-4101C8AFCCA4}.Debug|Any CPU.Build.0 = Debug|Any CPU
		{3D1FCA4C-757E-4AD0-9E4B-4101C8AFCCA4}.Debug|Mixed Platforms.ActiveCfg = Debug|Any CPU
		{3D1FCA4C-757E-4AD0-9E4B-4101C8AFCCA4}.Debug|Mixed Platforms.Build.0 = Debug|Any CPU
		{3D1FCA4C-757E-4AD0-9E4B-4101C8AFCCA4}.Debug|x86.ActiveCfg = Debug|Any CPU
		{3D1FCA4C-757E-4AD0-9E4B-4101C8AFCCA4}.Release|Any CPU.ActiveCfg = Release|Any CPU
		{3D1FCA4C-757E-4AD0-9E4B-4101C8AFCCA4}.Release|Any CPU.Build.0 = Release|Any CPU
		{3D1FCA4C-757E-4AD0-9E4B-4101C8AFCCA4}.Release|Mixed Platforms.ActiveCfg = Release|Any CPU
		{3D1FCA4C-757E-4AD0-9E4B-4101C8AFCCA4}.Release|Mixed Platforms.Build.0 = Release|Any CPU
		{3D1FCA4C-757E-4AD0-9E4B-4101C8AFCCA4}.Release|x86.ActiveCfg = Release|Any CPU
	EndGlobalSection
	GlobalSection(SolutionProperties) = preSolution
		HideSolutionNode = FALSE
	EndGlobalSection
	GlobalSection(NestedProjects) = preSolution
		{41D22552-BAFB-47D5-B20A-D81E18C3C1E8} = {EFB3F0C2-10B4-4EF5-8FA7-CC39880067A1}
		{FFDBAF72-7F9F-4DE0-A8F3-83D0D21EBEB5} = {6392A890-AE72-4BFB-B1EE-B1E5CBAAFB06}
		{7C2F2110-6E08-42C6-93EF-5A1C90C78616} = {6392A890-AE72-4BFB-B1EE-B1E5CBAAFB06}
	EndGlobalSection
EndGlobal
