
Microsoft Visual Studio Solution File, Format Version 11.00
# Visual Studio 2010
Project("{F2A71F9B-5D33-465A-A702-920D77279786}") = "FSharp.Core.CS", "FSharp.Core.CS\FSharp.Core.CS.fsproj", "{CDFDD597-0EF6-4682-995A-9C73BE122419}"
EndProject
Project("{FAE04EC0-301F-11D3-BF4B-00C04F79EFBC}") = "FSharp.Core.CS.Tests", "FSharp.Core.CS.Tests\FSharp.Core.CS.Tests.csproj", "{4354A199-6ACF-4DB5-A8FA-BAD638D1D0E3}"
EndProject
Project("{F2A71F9B-5D33-465A-A702-920D77279786}") = "FSharp.Core.CS.FSTests", "FSharp.Core.CS.FSTests\FSharp.Core.CS.FSTests.fsproj", "{238922CF-FD6B-4BED-89B0-088478DD79EE}"
EndProject
Global
	GlobalSection(SolutionConfigurationPlatforms) = preSolution
		Debug|Any CPU = Debug|Any CPU
		Release|Any CPU = Release|Any CPU
	EndGlobalSection
	GlobalSection(ProjectConfigurationPlatforms) = postSolution
		{CDFDD597-0EF6-4682-995A-9C73BE122419}.Debug|Any CPU.ActiveCfg = Debug|Any CPU
		{CDFDD597-0EF6-4682-995A-9C73BE122419}.Debug|Any CPU.Build.0 = Debug|Any CPU
		{CDFDD597-0EF6-4682-995A-9C73BE122419}.Release|Any CPU.ActiveCfg = Release|Any CPU
		{CDFDD597-0EF6-4682-995A-9C73BE122419}.Release|Any CPU.Build.0 = Release|Any CPU
		{4354A199-6ACF-4DB5-A8FA-BAD638D1D0E3}.Debug|Any CPU.ActiveCfg = Debug|Any CPU
		{4354A199-6ACF-4DB5-A8FA-BAD638D1D0E3}.Debug|Any CPU.Build.0 = Debug|Any CPU
		{4354A199-6ACF-4DB5-A8FA-BAD638D1D0E3}.Release|Any CPU.ActiveCfg = Release|Any CPU
		{4354A199-6ACF-4DB5-A8FA-BAD638D1D0E3}.Release|Any CPU.Build.0 = Release|Any CPU
		{238922CF-FD6B-4BED-89B0-088478DD79EE}.Debug|Any CPU.ActiveCfg = Debug|Any CPU
		{238922CF-FD6B-4BED-89B0-088478DD79EE}.Debug|Any CPU.Build.0 = Debug|Any CPU
		{238922CF-FD6B-4BED-89B0-088478DD79EE}.Release|Any CPU.ActiveCfg = Release|Any CPU
		{238922CF-FD6B-4BED-89B0-088478DD79EE}.Release|Any CPU.Build.0 = Release|Any CPU
	EndGlobalSection
	GlobalSection(SolutionProperties) = preSolution
		HideSolutionNode = FALSE
	EndGlobalSection
EndGlobal
