
Microsoft Visual Studio Solution File, Format Version 12.00
# Visual Studio 2012
Project("{F2A71F9B-5D33-465A-A702-920D77279786}") = "FSharpx.TypeProviders.Xaml.Tests", "FSharpx.TypeProviders.Xaml.Tests.fsproj", "{36B258D4-1AA4-4031-906A-228E649A3EC4}"
EndProject
Project("{F2A71F9B-5D33-465A-A702-920D77279786}") = "FSharpx.TypeProviders.Xaml.Tests.ExternalControl", "..\FSharpx.TypeProviders.Xaml.Tests.ExternalControl\FSharpx.TypeProviders.Xaml.Tests.ExternalControl.fsproj", "{94B8EDAD-06D1-44A8-AC44-906D7B6A37AB}"
EndProject
Global
	GlobalSection(SolutionConfigurationPlatforms) = preSolution
		Debug|Any CPU = Debug|Any CPU
		Release|Any CPU = Release|Any CPU
	EndGlobalSection
	GlobalSection(ProjectConfigurationPlatforms) = postSolution
		{36B258D4-1AA4-4031-906A-228E649A3EC4}.Debug|Any CPU.ActiveCfg = Debug|Any CPU
		{36B258D4-1AA4-4031-906A-228E649A3EC4}.Debug|Any CPU.Build.0 = Debug|Any CPU
		{36B258D4-1AA4-4031-906A-228E649A3EC4}.Release|Any CPU.ActiveCfg = Release|Any CPU
		{36B258D4-1AA4-4031-906A-228E649A3EC4}.Release|Any CPU.Build.0 = Release|Any CPU
		{94B8EDAD-06D1-44A8-AC44-906D7B6A37AB}.Debug|Any CPU.ActiveCfg = Debug|Any CPU
		{94B8EDAD-06D1-44A8-AC44-906D7B6A37AB}.Debug|Any CPU.Build.0 = Debug|Any CPU
		{94B8EDAD-06D1-44A8-AC44-906D7B6A37AB}.Release|Any CPU.ActiveCfg = Release|Any CPU
		{94B8EDAD-06D1-44A8-AC44-906D7B6A37AB}.Release|Any CPU.Build.0 = Release|Any CPU
	EndGlobalSection
	GlobalSection(SolutionProperties) = preSolution
		HideSolutionNode = FALSE
	EndGlobalSection
EndGlobal
